// !$*UTF8*$!
{
	archiveVersion = 1;
	classes = {
	};
	objectVersion = 51;
	objects = {

/* Begin PBXBuildFile section */
		1D15F038955582395DF3972B /* Pods_YoutubeLikeNetflixUITests.framework in Frameworks */ = {isa = PBXBuildFile; fileRef = 10B11FB9F47D1A99B8F0ADDF /* Pods_YoutubeLikeNetflixUITests.framework */; };
		57155F2E236D50B500B0A523 /* Dispatcher.swift in Sources */ = {isa = PBXBuildFile; fileRef = 57155F2D236D50B500B0A523 /* Dispatcher.swift */; };
		57155F33236D510800B0A523 /* States.swift in Sources */ = {isa = PBXBuildFile; fileRef = 57155F32236D510800B0A523 /* States.swift */; };
		57155F36236D515D00B0A523 /* HomeAction.swift in Sources */ = {isa = PBXBuildFile; fileRef = 57155F35236D515D00B0A523 /* HomeAction.swift */; };
		57155F3E236D53EE00B0A523 /* CategorizedVideosStore.swift in Sources */ = {isa = PBXBuildFile; fileRef = 57155F3D236D53EE00B0A523 /* CategorizedVideosStore.swift */; };
		57155F42236D583B00B0A523 /* MockSection.swift in Sources */ = {isa = PBXBuildFile; fileRef = 57155F41236D583B00B0A523 /* MockSection.swift */; };
		57155F45236D69BB00B0A523 /* YoutubeDataApiClient.swift in Sources */ = {isa = PBXBuildFile; fileRef = 57155F44236D69BB00B0A523 /* YoutubeDataApiClient.swift */; };
		57155F52236D76D900B0A523 /* YoutubeKitTestViewController.swift in Sources */ = {isa = PBXBuildFile; fileRef = 57155F51236D76D900B0A523 /* YoutubeKitTestViewController.swift */; };
		57155F55236D893100B0A523 /* Main.storyboard in Resources */ = {isa = PBXBuildFile; fileRef = 57155F53236D893100B0A523 /* Main.storyboard */; };
		57155F57236DED0200B0A523 /* ReponseErrorHandler.swift in Sources */ = {isa = PBXBuildFile; fileRef = 57155F56236DED0200B0A523 /* ReponseErrorHandler.swift */; };
		57155F5B236DED5C00B0A523 /* ResponseError.swift in Sources */ = {isa = PBXBuildFile; fileRef = 57155F5A236DED5C00B0A523 /* ResponseError.swift */; };
		57155F65236DF53C00B0A523 /* VideoListApi.swift in Sources */ = {isa = PBXBuildFile; fileRef = 57155F64236DF53C00B0A523 /* VideoListApi.swift */; };
		57155F6E236E01CE00B0A523 /* HomeActionCreator.swift in Sources */ = {isa = PBXBuildFile; fileRef = 57155F6D236E01CE00B0A523 /* HomeActionCreator.swift */; };
		57155F76236E0BC100B0A523 /* ActionProtocol.swift in Sources */ = {isa = PBXBuildFile; fileRef = 57155F75236E0BC100B0A523 /* ActionProtocol.swift */; };
		57155F80236E199D00B0A523 /* VideoCell.swift in Sources */ = {isa = PBXBuildFile; fileRef = 57155F7F236E199D00B0A523 /* VideoCell.swift */; };
		5760FDB7236C6E8200B30979 /* MockVideoItem.swift in Sources */ = {isa = PBXBuildFile; fileRef = 5760FDB6236C6E8200B30979 /* MockVideoItem.swift */; };
		57C410BC236E975800748D16 /* ChannelListlApi.swift in Sources */ = {isa = PBXBuildFile; fileRef = 57C410BB236E975800748D16 /* ChannelListlApi.swift */; };
		57C410C0236F26BE00748D16 /* VideoCategoryListApi.swift in Sources */ = {isa = PBXBuildFile; fileRef = 57C410BF236F26BE00748D16 /* VideoCategoryListApi.swift */; };
		57C410C2236F30D600748D16 /* VideosState.swift in Sources */ = {isa = PBXBuildFile; fileRef = 57C410C1236F30D600748D16 /* VideosState.swift */; };
		57C410C5236FFE0100748D16 /* ExReactive.swift in Sources */ = {isa = PBXBuildFile; fileRef = 57C410C4236FFE0100748D16 /* ExReactive.swift */; };
		57C410C7237001B000748D16 /* CategorizedVideo.swift in Sources */ = {isa = PBXBuildFile; fileRef = 57C410C6237001B000748D16 /* CategorizedVideo.swift */; };
		57C410CA2370040A00748D16 /* HomeInitialStore.swift in Sources */ = {isa = PBXBuildFile; fileRef = 57C410C92370040A00748D16 /* HomeInitialStore.swift */; };
		57C410CD2370049600748D16 /* HomeInitialState.swift in Sources */ = {isa = PBXBuildFile; fileRef = 57C410CC2370049600748D16 /* HomeInitialState.swift */; };
		57F996C32369D179008AB6AA /* AppDelegate.swift in Sources */ = {isa = PBXBuildFile; fileRef = 57F996C22369D179008AB6AA /* AppDelegate.swift */; };
		57F996C52369D179008AB6AA /* SceneDelegate.swift in Sources */ = {isa = PBXBuildFile; fileRef = 57F996C42369D179008AB6AA /* SceneDelegate.swift */; };
		57F996C72369D179008AB6AA /* HomeViewController.swift in Sources */ = {isa = PBXBuildFile; fileRef = 57F996C62369D179008AB6AA /* HomeViewController.swift */; };
		57F996CC2369D17B008AB6AA /* Assets.xcassets in Resources */ = {isa = PBXBuildFile; fileRef = 57F996CB2369D17B008AB6AA /* Assets.xcassets */; };
		57F996CF2369D17B008AB6AA /* LaunchScreen.storyboard in Resources */ = {isa = PBXBuildFile; fileRef = 57F996CD2369D17B008AB6AA /* LaunchScreen.storyboard */; };
		57F996DA2369D17B008AB6AA /* YoutubeLikeNetflixTests.swift in Sources */ = {isa = PBXBuildFile; fileRef = 57F996D92369D17B008AB6AA /* YoutubeLikeNetflixTests.swift */; };
		57F996E52369D17B008AB6AA /* YoutubeLikeNetflixUITests.swift in Sources */ = {isa = PBXBuildFile; fileRef = 57F996E42369D17B008AB6AA /* YoutubeLikeNetflixUITests.swift */; };
		57F996F42369E0E4008AB6AA /* VideoTableViewCell.swift in Sources */ = {isa = PBXBuildFile; fileRef = 57F996F22369E0E4008AB6AA /* VideoTableViewCell.swift */; };
		57F996F52369E0E4008AB6AA /* VideoTableViewCell.xib in Resources */ = {isa = PBXBuildFile; fileRef = 57F996F32369E0E4008AB6AA /* VideoTableViewCell.xib */; };
		57F996F72369E6C7008AB6AA /* VideoSearchViewController.swift in Sources */ = {isa = PBXBuildFile; fileRef = 57F996F62369E6C7008AB6AA /* VideoSearchViewController.swift */; };
		57F996F92369E728008AB6AA /* CategoryVideoListViewController.swift in Sources */ = {isa = PBXBuildFile; fileRef = 57F996F82369E728008AB6AA /* CategoryVideoListViewController.swift */; };
		57F996FB2369E757008AB6AA /* VideoDetailViewController.swift in Sources */ = {isa = PBXBuildFile; fileRef = 57F996FA2369E757008AB6AA /* VideoDetailViewController.swift */; };
		57F9970A236AE406008AB6AA /* VideoCollectionViewCell.swift in Sources */ = {isa = PBXBuildFile; fileRef = 57F99708236AE406008AB6AA /* VideoCollectionViewCell.swift */; };
		57F9970B236AE406008AB6AA /* VideoCollectionViewCell.xib in Resources */ = {isa = PBXBuildFile; fileRef = 57F99709236AE406008AB6AA /* VideoCollectionViewCell.xib */; };
		57F9970E236B3034008AB6AA /* VideoCollectionTableViewCell.swift in Sources */ = {isa = PBXBuildFile; fileRef = 57F9970C236B3034008AB6AA /* VideoCollectionTableViewCell.swift */; };
		57F9970F236B3034008AB6AA /* VideoCollectionTableViewCell.xib in Resources */ = {isa = PBXBuildFile; fileRef = 57F9970D236B3034008AB6AA /* VideoCollectionTableViewCell.xib */; };
		E34D51C74598FD3FADE97DE2 /* Pods_YoutubeLikeNetflixTests.framework in Frameworks */ = {isa = PBXBuildFile; fileRef = A956BB89A362A16FDB71C12C /* Pods_YoutubeLikeNetflixTests.framework */; };
		E54928EA1CD0FE051020649C /* Pods_YoutubeLikeNetflix.framework in Frameworks */ = {isa = PBXBuildFile; fileRef = 2622ABEAFA84394C6BFE69AE /* Pods_YoutubeLikeNetflix.framework */; };
/* End PBXBuildFile section */

/* Begin PBXContainerItemProxy section */
		57F996D62369D17B008AB6AA /* PBXContainerItemProxy */ = {
			isa = PBXContainerItemProxy;
			containerPortal = 57F996B72369D179008AB6AA /* Project object */;
			proxyType = 1;
			remoteGlobalIDString = 57F996BE2369D179008AB6AA;
			remoteInfo = YoutubeLikeNetflix;
		};
		57F996E12369D17B008AB6AA /* PBXContainerItemProxy */ = {
			isa = PBXContainerItemProxy;
			containerPortal = 57F996B72369D179008AB6AA /* Project object */;
			proxyType = 1;
			remoteGlobalIDString = 57F996BE2369D179008AB6AA;
			remoteInfo = YoutubeLikeNetflix;
		};
/* End PBXContainerItemProxy section */

/* Begin PBXFileReference section */
		10B11FB9F47D1A99B8F0ADDF /* Pods_YoutubeLikeNetflixUITests.framework */ = {isa = PBXFileReference; explicitFileType = wrapper.framework; includeInIndex = 0; path = Pods_YoutubeLikeNetflixUITests.framework; sourceTree = BUILT_PRODUCTS_DIR; };
		116F11B14C653B1A7971AB21 /* Pods-YoutubeLikeNetflixTests.debug.xcconfig */ = {isa = PBXFileReference; includeInIndex = 1; lastKnownFileType = text.xcconfig; name = "Pods-YoutubeLikeNetflixTests.debug.xcconfig"; path = "Target Support Files/Pods-YoutubeLikeNetflixTests/Pods-YoutubeLikeNetflixTests.debug.xcconfig"; sourceTree = "<group>"; };
		132703E439226C8E042C46BD /* Pods-YoutubeLikeNetflixTests.release.xcconfig */ = {isa = PBXFileReference; includeInIndex = 1; lastKnownFileType = text.xcconfig; name = "Pods-YoutubeLikeNetflixTests.release.xcconfig"; path = "Target Support Files/Pods-YoutubeLikeNetflixTests/Pods-YoutubeLikeNetflixTests.release.xcconfig"; sourceTree = "<group>"; };
		2622ABEAFA84394C6BFE69AE /* Pods_YoutubeLikeNetflix.framework */ = {isa = PBXFileReference; explicitFileType = wrapper.framework; includeInIndex = 0; path = Pods_YoutubeLikeNetflix.framework; sourceTree = BUILT_PRODUCTS_DIR; };
		57155F2D236D50B500B0A523 /* Dispatcher.swift */ = {isa = PBXFileReference; lastKnownFileType = sourcecode.swift; path = Dispatcher.swift; sourceTree = "<group>"; };
		57155F32236D510800B0A523 /* States.swift */ = {isa = PBXFileReference; lastKnownFileType = sourcecode.swift; path = States.swift; sourceTree = "<group>"; };
		57155F35236D515D00B0A523 /* HomeAction.swift */ = {isa = PBXFileReference; lastKnownFileType = sourcecode.swift; path = HomeAction.swift; sourceTree = "<group>"; };
		57155F3D236D53EE00B0A523 /* CategorizedVideosStore.swift */ = {isa = PBXFileReference; lastKnownFileType = sourcecode.swift; path = CategorizedVideosStore.swift; sourceTree = "<group>"; };
		57155F41236D583B00B0A523 /* MockSection.swift */ = {isa = PBXFileReference; lastKnownFileType = sourcecode.swift; path = MockSection.swift; sourceTree = "<group>"; };
		57155F44236D69BB00B0A523 /* YoutubeDataApiClient.swift */ = {isa = PBXFileReference; lastKnownFileType = sourcecode.swift; path = YoutubeDataApiClient.swift; sourceTree = "<group>"; };
		57155F51236D76D900B0A523 /* YoutubeKitTestViewController.swift */ = {isa = PBXFileReference; lastKnownFileType = sourcecode.swift; path = YoutubeKitTestViewController.swift; sourceTree = "<group>"; };
		57155F54236D893100B0A523 /* Base */ = {isa = PBXFileReference; lastKnownFileType = file.storyboard; name = Base; path = YoutubeLikeNetflix/Base.lproj/Main.storyboard; sourceTree = "<group>"; };
		57155F56236DED0200B0A523 /* ReponseErrorHandler.swift */ = {isa = PBXFileReference; lastKnownFileType = sourcecode.swift; path = ReponseErrorHandler.swift; sourceTree = "<group>"; };
		57155F5A236DED5C00B0A523 /* ResponseError.swift */ = {isa = PBXFileReference; lastKnownFileType = sourcecode.swift; path = ResponseError.swift; sourceTree = "<group>"; };
		57155F64236DF53C00B0A523 /* VideoListApi.swift */ = {isa = PBXFileReference; lastKnownFileType = sourcecode.swift; path = VideoListApi.swift; sourceTree = "<group>"; };
		57155F6D236E01CE00B0A523 /* HomeActionCreator.swift */ = {isa = PBXFileReference; lastKnownFileType = sourcecode.swift; path = HomeActionCreator.swift; sourceTree = "<group>"; };
		57155F75236E0BC100B0A523 /* ActionProtocol.swift */ = {isa = PBXFileReference; lastKnownFileType = sourcecode.swift; path = ActionProtocol.swift; sourceTree = "<group>"; };
		57155F7F236E199D00B0A523 /* VideoCell.swift */ = {isa = PBXFileReference; lastKnownFileType = sourcecode.swift; path = VideoCell.swift; sourceTree = "<group>"; };
		5760FDB6236C6E8200B30979 /* MockVideoItem.swift */ = {isa = PBXFileReference; lastKnownFileType = sourcecode.swift; path = MockVideoItem.swift; sourceTree = "<group>"; };
		57C410BB236E975800748D16 /* ChannelListlApi.swift */ = {isa = PBXFileReference; lastKnownFileType = sourcecode.swift; path = ChannelListlApi.swift; sourceTree = "<group>"; };
		57C410BF236F26BE00748D16 /* VideoCategoryListApi.swift */ = {isa = PBXFileReference; lastKnownFileType = sourcecode.swift; path = VideoCategoryListApi.swift; sourceTree = "<group>"; };
		57C410C1236F30D600748D16 /* VideosState.swift */ = {isa = PBXFileReference; lastKnownFileType = sourcecode.swift; path = VideosState.swift; sourceTree = "<group>"; };
		57C410C4236FFE0100748D16 /* ExReactive.swift */ = {isa = PBXFileReference; lastKnownFileType = sourcecode.swift; path = ExReactive.swift; sourceTree = "<group>"; };
		57C410C6237001B000748D16 /* CategorizedVideo.swift */ = {isa = PBXFileReference; lastKnownFileType = sourcecode.swift; path = CategorizedVideo.swift; sourceTree = "<group>"; };
		57C410C92370040A00748D16 /* HomeInitialStore.swift */ = {isa = PBXFileReference; lastKnownFileType = sourcecode.swift; path = HomeInitialStore.swift; sourceTree = "<group>"; };
		57C410CC2370049600748D16 /* HomeInitialState.swift */ = {isa = PBXFileReference; lastKnownFileType = sourcecode.swift; path = HomeInitialState.swift; sourceTree = "<group>"; };
		57F996BF2369D179008AB6AA /* YoutubeLikeNetflix.app */ = {isa = PBXFileReference; explicitFileType = wrapper.application; includeInIndex = 0; path = YoutubeLikeNetflix.app; sourceTree = BUILT_PRODUCTS_DIR; };
		57F996C22369D179008AB6AA /* AppDelegate.swift */ = {isa = PBXFileReference; lastKnownFileType = sourcecode.swift; path = AppDelegate.swift; sourceTree = "<group>"; };
		57F996C42369D179008AB6AA /* SceneDelegate.swift */ = {isa = PBXFileReference; lastKnownFileType = sourcecode.swift; path = SceneDelegate.swift; sourceTree = "<group>"; };
		57F996C62369D179008AB6AA /* HomeViewController.swift */ = {isa = PBXFileReference; lastKnownFileType = sourcecode.swift; path = HomeViewController.swift; sourceTree = "<group>"; };
		57F996CB2369D17B008AB6AA /* Assets.xcassets */ = {isa = PBXFileReference; lastKnownFileType = folder.assetcatalog; path = Assets.xcassets; sourceTree = "<group>"; };
		57F996CE2369D17B008AB6AA /* Base */ = {isa = PBXFileReference; lastKnownFileType = file.storyboard; name = Base; path = Base.lproj/LaunchScreen.storyboard; sourceTree = "<group>"; };
		57F996D02369D17B008AB6AA /* Info.plist */ = {isa = PBXFileReference; lastKnownFileType = text.plist.xml; path = Info.plist; sourceTree = "<group>"; };
		57F996D52369D17B008AB6AA /* YoutubeLikeNetflixTests.xctest */ = {isa = PBXFileReference; explicitFileType = wrapper.cfbundle; includeInIndex = 0; path = YoutubeLikeNetflixTests.xctest; sourceTree = BUILT_PRODUCTS_DIR; };
		57F996D92369D17B008AB6AA /* YoutubeLikeNetflixTests.swift */ = {isa = PBXFileReference; lastKnownFileType = sourcecode.swift; path = YoutubeLikeNetflixTests.swift; sourceTree = "<group>"; };
		57F996DB2369D17B008AB6AA /* Info.plist */ = {isa = PBXFileReference; lastKnownFileType = text.plist.xml; path = Info.plist; sourceTree = "<group>"; };
		57F996E02369D17B008AB6AA /* YoutubeLikeNetflixUITests.xctest */ = {isa = PBXFileReference; explicitFileType = wrapper.cfbundle; includeInIndex = 0; path = YoutubeLikeNetflixUITests.xctest; sourceTree = BUILT_PRODUCTS_DIR; };
		57F996E42369D17B008AB6AA /* YoutubeLikeNetflixUITests.swift */ = {isa = PBXFileReference; lastKnownFileType = sourcecode.swift; path = YoutubeLikeNetflixUITests.swift; sourceTree = "<group>"; };
		57F996E62369D17B008AB6AA /* Info.plist */ = {isa = PBXFileReference; lastKnownFileType = text.plist.xml; path = Info.plist; sourceTree = "<group>"; };
		57F996F22369E0E4008AB6AA /* VideoTableViewCell.swift */ = {isa = PBXFileReference; lastKnownFileType = sourcecode.swift; path = VideoTableViewCell.swift; sourceTree = "<group>"; };
		57F996F32369E0E4008AB6AA /* VideoTableViewCell.xib */ = {isa = PBXFileReference; lastKnownFileType = file.xib; path = VideoTableViewCell.xib; sourceTree = "<group>"; };
		57F996F62369E6C7008AB6AA /* VideoSearchViewController.swift */ = {isa = PBXFileReference; lastKnownFileType = sourcecode.swift; path = VideoSearchViewController.swift; sourceTree = "<group>"; };
		57F996F82369E728008AB6AA /* CategoryVideoListViewController.swift */ = {isa = PBXFileReference; lastKnownFileType = sourcecode.swift; path = CategoryVideoListViewController.swift; sourceTree = "<group>"; };
		57F996FA2369E757008AB6AA /* VideoDetailViewController.swift */ = {isa = PBXFileReference; lastKnownFileType = sourcecode.swift; path = VideoDetailViewController.swift; sourceTree = "<group>"; };
		57F99708236AE406008AB6AA /* VideoCollectionViewCell.swift */ = {isa = PBXFileReference; lastKnownFileType = sourcecode.swift; path = VideoCollectionViewCell.swift; sourceTree = "<group>"; };
		57F99709236AE406008AB6AA /* VideoCollectionViewCell.xib */ = {isa = PBXFileReference; lastKnownFileType = file.xib; path = VideoCollectionViewCell.xib; sourceTree = "<group>"; };
		57F9970C236B3034008AB6AA /* VideoCollectionTableViewCell.swift */ = {isa = PBXFileReference; lastKnownFileType = sourcecode.swift; path = VideoCollectionTableViewCell.swift; sourceTree = "<group>"; };
		57F9970D236B3034008AB6AA /* VideoCollectionTableViewCell.xib */ = {isa = PBXFileReference; lastKnownFileType = file.xib; path = VideoCollectionTableViewCell.xib; sourceTree = "<group>"; };
		63955F5B99255387C0B718E1 /* Pods-YoutubeLikeNetflix.debug.xcconfig */ = {isa = PBXFileReference; includeInIndex = 1; lastKnownFileType = text.xcconfig; name = "Pods-YoutubeLikeNetflix.debug.xcconfig"; path = "Target Support Files/Pods-YoutubeLikeNetflix/Pods-YoutubeLikeNetflix.debug.xcconfig"; sourceTree = "<group>"; };
		927702E39275A1366AC22929 /* Pods-YoutubeLikeNetflixUITests.debug.xcconfig */ = {isa = PBXFileReference; includeInIndex = 1; lastKnownFileType = text.xcconfig; name = "Pods-YoutubeLikeNetflixUITests.debug.xcconfig"; path = "Target Support Files/Pods-YoutubeLikeNetflixUITests/Pods-YoutubeLikeNetflixUITests.debug.xcconfig"; sourceTree = "<group>"; };
		9627E872D5F4DB4C21027F80 /* Pods-YoutubeLikeNetflix.release.xcconfig */ = {isa = PBXFileReference; includeInIndex = 1; lastKnownFileType = text.xcconfig; name = "Pods-YoutubeLikeNetflix.release.xcconfig"; path = "Target Support Files/Pods-YoutubeLikeNetflix/Pods-YoutubeLikeNetflix.release.xcconfig"; sourceTree = "<group>"; };
		A956BB89A362A16FDB71C12C /* Pods_YoutubeLikeNetflixTests.framework */ = {isa = PBXFileReference; explicitFileType = wrapper.framework; includeInIndex = 0; path = Pods_YoutubeLikeNetflixTests.framework; sourceTree = BUILT_PRODUCTS_DIR; };
		D4B0B13E7B277AA8C7CDED02 /* Pods-YoutubeLikeNetflixUITests.release.xcconfig */ = {isa = PBXFileReference; includeInIndex = 1; lastKnownFileType = text.xcconfig; name = "Pods-YoutubeLikeNetflixUITests.release.xcconfig"; path = "Target Support Files/Pods-YoutubeLikeNetflixUITests/Pods-YoutubeLikeNetflixUITests.release.xcconfig"; sourceTree = "<group>"; };
/* End PBXFileReference section */

/* Begin PBXFrameworksBuildPhase section */
		57F996BC2369D179008AB6AA /* Frameworks */ = {
			isa = PBXFrameworksBuildPhase;
			buildActionMask = 2147483647;
			files = (
				E54928EA1CD0FE051020649C /* Pods_YoutubeLikeNetflix.framework in Frameworks */,
			);
			runOnlyForDeploymentPostprocessing = 0;
		};
		57F996D22369D17B008AB6AA /* Frameworks */ = {
			isa = PBXFrameworksBuildPhase;
			buildActionMask = 2147483647;
			files = (
				E34D51C74598FD3FADE97DE2 /* Pods_YoutubeLikeNetflixTests.framework in Frameworks */,
			);
			runOnlyForDeploymentPostprocessing = 0;
		};
		57F996DD2369D17B008AB6AA /* Frameworks */ = {
			isa = PBXFrameworksBuildPhase;
			buildActionMask = 2147483647;
			files = (
				1D15F038955582395DF3972B /* Pods_YoutubeLikeNetflixUITests.framework in Frameworks */,
			);
			runOnlyForDeploymentPostprocessing = 0;
		};
/* End PBXFrameworksBuildPhase section */

/* Begin PBXGroup section */
		370C5D715367CE42C570B6F7 /* Frameworks */ = {
			isa = PBXGroup;
			children = (
				2622ABEAFA84394C6BFE69AE /* Pods_YoutubeLikeNetflix.framework */,
				A956BB89A362A16FDB71C12C /* Pods_YoutubeLikeNetflixTests.framework */,
				10B11FB9F47D1A99B8F0ADDF /* Pods_YoutubeLikeNetflixUITests.framework */,
			);
			name = Frameworks;
			sourceTree = "<group>";
		};
		5157311E608BD5D474F79C79 /* Pods */ = {
			isa = PBXGroup;
			children = (
				63955F5B99255387C0B718E1 /* Pods-YoutubeLikeNetflix.debug.xcconfig */,
				9627E872D5F4DB4C21027F80 /* Pods-YoutubeLikeNetflix.release.xcconfig */,
				116F11B14C653B1A7971AB21 /* Pods-YoutubeLikeNetflixTests.debug.xcconfig */,
				132703E439226C8E042C46BD /* Pods-YoutubeLikeNetflixTests.release.xcconfig */,
				927702E39275A1366AC22929 /* Pods-YoutubeLikeNetflixUITests.debug.xcconfig */,
				D4B0B13E7B277AA8C7CDED02 /* Pods-YoutubeLikeNetflixUITests.release.xcconfig */,
			);
			path = Pods;
			sourceTree = "<group>";
		};
		57155F2C236D50A100B0A523 /* Dispatcher */ = {
			isa = PBXGroup;
			children = (
				57155F2D236D50B500B0A523 /* Dispatcher.swift */,
			);
			path = Dispatcher;
			sourceTree = "<group>";
		};
		57155F2F236D50C600B0A523 /* Actions */ = {
			isa = PBXGroup;
			children = (
				57155F72236E08D100B0A523 /* State */,
				57155F6C236E01B700B0A523 /* ActionCreator */,
				57155F30236D50EE00B0A523 /* Action */,
			);
			path = Actions;
			sourceTree = "<group>";
		};
		57155F30236D50EE00B0A523 /* Action */ = {
			isa = PBXGroup;
			children = (
				57155F75236E0BC100B0A523 /* ActionProtocol.swift */,
				57155F35236D515D00B0A523 /* HomeAction.swift */,
			);
			path = Action;
			sourceTree = "<group>";
		};
		57155F3C236D53D600B0A523 /* Store */ = {
			isa = PBXGroup;
			children = (
				57155F3D236D53EE00B0A523 /* CategorizedVideosStore.swift */,
				57C410CB2370041500748D16 /* Initial */,
			);
			path = Store;
			sourceTree = "<group>";
		};
		57155F43236D697A00B0A523 /* YoutubeDataAPI */ = {
			isa = PBXGroup;
			children = (
				57155F44236D69BB00B0A523 /* YoutubeDataApiClient.swift */,
				57155F66236DF5A900B0A523 /* CustomApi */,
			);
			path = YoutubeDataAPI;
			sourceTree = "<group>";
		};
		57155F46236D69FE00B0A523 /* Error */ = {
			isa = PBXGroup;
			children = (
				57155F59236DED3A00B0A523 /* ResponseError */,
			);
			name = Error;
			sourceTree = "<group>";
		};
		57155F59236DED3A00B0A523 /* ResponseError */ = {
			isa = PBXGroup;
			children = (
				57155F5A236DED5C00B0A523 /* ResponseError.swift */,
				57155F56236DED0200B0A523 /* ReponseErrorHandler.swift */,
			);
			name = ResponseError;
			sourceTree = "<group>";
		};
		57155F60236DF0B900B0A523 /* Entity */ = {
			isa = PBXGroup;
			children = (
				57C410C6237001B000748D16 /* CategorizedVideo.swift */,
				57C410CC2370049600748D16 /* HomeInitialState.swift */,
			);
			path = Entity;
			sourceTree = "<group>";
		};
		57155F66236DF5A900B0A523 /* CustomApi */ = {
			isa = PBXGroup;
			children = (
				57155F64236DF53C00B0A523 /* VideoListApi.swift */,
				57C410BB236E975800748D16 /* ChannelListlApi.swift */,
				57C410BF236F26BE00748D16 /* VideoCategoryListApi.swift */,
			);
			path = CustomApi;
			sourceTree = "<group>";
		};
		57155F6C236E01B700B0A523 /* ActionCreator */ = {
			isa = PBXGroup;
			children = (
				57155F7E236E150000B0A523 /* Creators */,
			);
			path = ActionCreator;
			sourceTree = "<group>";
		};
		57155F72236E08D100B0A523 /* State */ = {
			isa = PBXGroup;
			children = (
				57155F32236D510800B0A523 /* States.swift */,
				57C410C1236F30D600748D16 /* VideosState.swift */,
			);
			path = State;
			sourceTree = "<group>";
		};
		57155F77236E0CF600B0A523 /* Component */ = {
			isa = PBXGroup;
			children = (
				57F996FD2369EEBB008AB6AA /* Cell */,
			);
			path = Component;
			sourceTree = "<group>";
		};
		57155F78236E0D1D00B0A523 /* Home */ = {
			isa = PBXGroup;
			children = (
				57F996C62369D179008AB6AA /* HomeViewController.swift */,
			);
			path = Home;
			sourceTree = "<group>";
		};
		57155F79236E0D2800B0A523 /* Search */ = {
			isa = PBXGroup;
			children = (
				57F996F62369E6C7008AB6AA /* VideoSearchViewController.swift */,
			);
			path = Search;
			sourceTree = "<group>";
		};
		57155F7A236E0D3000B0A523 /* VideoDetail */ = {
			isa = PBXGroup;
			children = (
				57F996FA2369E757008AB6AA /* VideoDetailViewController.swift */,
			);
			path = VideoDetail;
			sourceTree = "<group>";
		};
		57155F7B236E0D4E00B0A523 /* CategoryVideoList */ = {
			isa = PBXGroup;
			children = (
				57F996F82369E728008AB6AA /* CategoryVideoListViewController.swift */,
			);
			path = CategoryVideoList;
			sourceTree = "<group>";
		};
		57155F7E236E150000B0A523 /* Creators */ = {
			isa = PBXGroup;
			children = (
				57155F6D236E01CE00B0A523 /* HomeActionCreator.swift */,
			);
			path = Creators;
			sourceTree = "<group>";
		};
		5760FDB5236C6E6300B30979 /* Mock */ = {
			isa = PBXGroup;
			children = (
				5760FDB6236C6E8200B30979 /* MockVideoItem.swift */,
				57155F41236D583B00B0A523 /* MockSection.swift */,
			);
			path = Mock;
			sourceTree = "<group>";
		};
		57C410C3236FFDEB00748D16 /* Helper */ = {
			isa = PBXGroup;
			children = (
				57C410C4236FFE0100748D16 /* ExReactive.swift */,
			);
			path = Helper;
			sourceTree = "<group>";
		};
		57C410CB2370041500748D16 /* Initial */ = {
			isa = PBXGroup;
			children = (
				57C410C92370040A00748D16 /* HomeInitialStore.swift */,
			);
			path = Initial;
			sourceTree = "<group>";
		};
		57F996B62369D179008AB6AA = {
			isa = PBXGroup;
			children = (
				57F996C12369D179008AB6AA /* YoutubeLikeNetflix */,
				57F996D82369D17B008AB6AA /* YoutubeLikeNetflixTests */,
				57F996E32369D17B008AB6AA /* YoutubeLikeNetflixUITests */,
				57F996C02369D179008AB6AA /* Products */,
				5157311E608BD5D474F79C79 /* Pods */,
				370C5D715367CE42C570B6F7 /* Frameworks */,
			);
			sourceTree = "<group>";
		};
		57F996C02369D179008AB6AA /* Products */ = {
			isa = PBXGroup;
			children = (
				57F996BF2369D179008AB6AA /* YoutubeLikeNetflix.app */,
				57F996D52369D17B008AB6AA /* YoutubeLikeNetflixTests.xctest */,
				57F996E02369D17B008AB6AA /* YoutubeLikeNetflixUITests.xctest */,
			);
			name = Products;
			sourceTree = "<group>";
		};
		57F996C12369D179008AB6AA /* YoutubeLikeNetflix */ = {
			isa = PBXGroup;
			children = (
				57C410C3236FFDEB00748D16 /* Helper */,
				57155F60236DF0B900B0A523 /* Entity */,
				57155F46236D69FE00B0A523 /* Error */,
				57155F43236D697A00B0A523 /* YoutubeDataAPI */,
				57155F3C236D53D600B0A523 /* Store */,
				57155F2C236D50A100B0A523 /* Dispatcher */,
				57155F2F236D50C600B0A523 /* Actions */,
				5760FDB5236C6E6300B30979 /* Mock */,
				57F996FC2369EE96008AB6AA /* View */,
				57155F77236E0CF600B0A523 /* Component */,
				57F996C22369D179008AB6AA /* AppDelegate.swift */,
				57155F51236D76D900B0A523 /* YoutubeKitTestViewController.swift */,
				57F996C42369D179008AB6AA /* SceneDelegate.swift */,
				57F996CB2369D17B008AB6AA /* Assets.xcassets */,
				57155F53236D893100B0A523 /* Main.storyboard */,
				57F996CD2369D17B008AB6AA /* LaunchScreen.storyboard */,
				57F996D02369D17B008AB6AA /* Info.plist */,
			);
			path = YoutubeLikeNetflix;
			sourceTree = "<group>";
		};
		57F996D82369D17B008AB6AA /* YoutubeLikeNetflixTests */ = {
			isa = PBXGroup;
			children = (
				57F996D92369D17B008AB6AA /* YoutubeLikeNetflixTests.swift */,
				57F996DB2369D17B008AB6AA /* Info.plist */,
			);
			path = YoutubeLikeNetflixTests;
			sourceTree = "<group>";
		};
		57F996E32369D17B008AB6AA /* YoutubeLikeNetflixUITests */ = {
			isa = PBXGroup;
			children = (
				57F996E42369D17B008AB6AA /* YoutubeLikeNetflixUITests.swift */,
				57F996E62369D17B008AB6AA /* Info.plist */,
			);
			path = YoutubeLikeNetflixUITests;
			sourceTree = "<group>";
		};
		57F996FC2369EE96008AB6AA /* View */ = {
			isa = PBXGroup;
			children = (
				57155F7A236E0D3000B0A523 /* VideoDetail */,
				57155F79236E0D2800B0A523 /* Search */,
				57155F78236E0D1D00B0A523 /* Home */,
				57155F7B236E0D4E00B0A523 /* CategoryVideoList */,
			);
			path = View;
			sourceTree = "<group>";
		};
		57F996FD2369EEBB008AB6AA /* Cell */ = {
			isa = PBXGroup;
			children = (
				57F99707236AE3CF008AB6AA /* Table */,
				57F99706236AE3C5008AB6AA /* Collection */,
			);
			path = Cell;
			sourceTree = "<group>";
		};
		57F99706236AE3C5008AB6AA /* Collection */ = {
			isa = PBXGroup;
			children = (
				57F99712236B3851008AB6AA /* VideoCollectionViewCell */,
			);
			path = Collection;
			sourceTree = "<group>";
		};
		57F99707236AE3CF008AB6AA /* Table */ = {
			isa = PBXGroup;
			children = (
				57F99711236B33EC008AB6AA /* VideoCollectionTableViewCell */,
				57F99710236B33DB008AB6AA /* VideoTableViewCell */,
			);
			path = Table;
			sourceTree = "<group>";
		};
		57F99710236B33DB008AB6AA /* VideoTableViewCell */ = {
			isa = PBXGroup;
			children = (
				57F996F22369E0E4008AB6AA /* VideoTableViewCell.swift */,
				57F996F32369E0E4008AB6AA /* VideoTableViewCell.xib */,
			);
			path = VideoTableViewCell;
			sourceTree = "<group>";
		};
		57F99711236B33EC008AB6AA /* VideoCollectionTableViewCell */ = {
			isa = PBXGroup;
			children = (
				57F9970C236B3034008AB6AA /* VideoCollectionTableViewCell.swift */,
				57F9970D236B3034008AB6AA /* VideoCollectionTableViewCell.xib */,
			);
			path = VideoCollectionTableViewCell;
			sourceTree = "<group>";
		};
		57F99712236B3851008AB6AA /* VideoCollectionViewCell */ = {
			isa = PBXGroup;
			children = (
				57F99708236AE406008AB6AA /* VideoCollectionViewCell.swift */,
				57155F7F236E199D00B0A523 /* VideoCell.swift */,
				57F99709236AE406008AB6AA /* VideoCollectionViewCell.xib */,
			);
			path = VideoCollectionViewCell;
			sourceTree = "<group>";
		};
/* End PBXGroup section */

/* Begin PBXNativeTarget section */
		57F996BE2369D179008AB6AA /* YoutubeLikeNetflix */ = {
			isa = PBXNativeTarget;
			buildConfigurationList = 57F996E92369D17B008AB6AA /* Build configuration list for PBXNativeTarget "YoutubeLikeNetflix" */;
			buildPhases = (
				A011DC3DD357C56638451BBC /* [CP] Check Pods Manifest.lock */,
				57F996BB2369D179008AB6AA /* Sources */,
				57F996BC2369D179008AB6AA /* Frameworks */,
				57F996BD2369D179008AB6AA /* Resources */,
				5560FA1067B3EC2F43262086 /* [CP] Embed Pods Frameworks */,
			);
			buildRules = (
			);
			dependencies = (
			);
			name = YoutubeLikeNetflix;
			productName = YoutubeLikeNetflix;
			productReference = 57F996BF2369D179008AB6AA /* YoutubeLikeNetflix.app */;
			productType = "com.apple.product-type.application";
		};
		57F996D42369D17B008AB6AA /* YoutubeLikeNetflixTests */ = {
			isa = PBXNativeTarget;
			buildConfigurationList = 57F996EC2369D17B008AB6AA /* Build configuration list for PBXNativeTarget "YoutubeLikeNetflixTests" */;
			buildPhases = (
				B137D2428C0FCA7E4193E059 /* [CP] Check Pods Manifest.lock */,
				57F996D12369D17B008AB6AA /* Sources */,
				57F996D22369D17B008AB6AA /* Frameworks */,
				57F996D32369D17B008AB6AA /* Resources */,
			);
			buildRules = (
			);
			dependencies = (
				57F996D72369D17B008AB6AA /* PBXTargetDependency */,
			);
			name = YoutubeLikeNetflixTests;
			productName = YoutubeLikeNetflixTests;
			productReference = 57F996D52369D17B008AB6AA /* YoutubeLikeNetflixTests.xctest */;
			productType = "com.apple.product-type.bundle.unit-test";
		};
		57F996DF2369D17B008AB6AA /* YoutubeLikeNetflixUITests */ = {
			isa = PBXNativeTarget;
			buildConfigurationList = 57F996EF2369D17B008AB6AA /* Build configuration list for PBXNativeTarget "YoutubeLikeNetflixUITests" */;
			buildPhases = (
				A7432FCCA20AB8E59DFD35B7 /* [CP] Check Pods Manifest.lock */,
				57F996DC2369D17B008AB6AA /* Sources */,
				57F996DD2369D17B008AB6AA /* Frameworks */,
				57F996DE2369D17B008AB6AA /* Resources */,
			);
			buildRules = (
			);
			dependencies = (
				57F996E22369D17B008AB6AA /* PBXTargetDependency */,
			);
			name = YoutubeLikeNetflixUITests;
			productName = YoutubeLikeNetflixUITests;
			productReference = 57F996E02369D17B008AB6AA /* YoutubeLikeNetflixUITests.xctest */;
			productType = "com.apple.product-type.bundle.ui-testing";
		};
/* End PBXNativeTarget section */

/* Begin PBXProject section */
		57F996B72369D179008AB6AA /* Project object */ = {
			isa = PBXProject;
			attributes = {
				LastSwiftUpdateCheck = 1110;
				LastUpgradeCheck = 1110;
				ORGANIZATIONNAME = tomoya.suzuki;
				TargetAttributes = {
					57F996BE2369D179008AB6AA = {
						CreatedOnToolsVersion = 11.1;
					};
					57F996D42369D17B008AB6AA = {
						CreatedOnToolsVersion = 11.1;
						TestTargetID = 57F996BE2369D179008AB6AA;
					};
					57F996DF2369D17B008AB6AA = {
						CreatedOnToolsVersion = 11.1;
						TestTargetID = 57F996BE2369D179008AB6AA;
					};
				};
			};
			buildConfigurationList = 57F996BA2369D179008AB6AA /* Build configuration list for PBXProject "YoutubeLikeNetflix" */;
			compatibilityVersion = "Xcode 9.3";
			developmentRegion = en;
			hasScannedForEncodings = 0;
			knownRegions = (
				en,
				Base,
			);
			mainGroup = 57F996B62369D179008AB6AA;
			productRefGroup = 57F996C02369D179008AB6AA /* Products */;
			projectDirPath = "";
			projectRoot = "";
			targets = (
				57F996BE2369D179008AB6AA /* YoutubeLikeNetflix */,
				57F996D42369D17B008AB6AA /* YoutubeLikeNetflixTests */,
				57F996DF2369D17B008AB6AA /* YoutubeLikeNetflixUITests */,
			);
		};
/* End PBXProject section */

/* Begin PBXResourcesBuildPhase section */
		57F996BD2369D179008AB6AA /* Resources */ = {
			isa = PBXResourcesBuildPhase;
			buildActionMask = 2147483647;
			files = (
				57F996CF2369D17B008AB6AA /* LaunchScreen.storyboard in Resources */,
				57F996F52369E0E4008AB6AA /* VideoTableViewCell.xib in Resources */,
				57F9970B236AE406008AB6AA /* VideoCollectionViewCell.xib in Resources */,
				57155F55236D893100B0A523 /* Main.storyboard in Resources */,
				57F996CC2369D17B008AB6AA /* Assets.xcassets in Resources */,
				57F9970F236B3034008AB6AA /* VideoCollectionTableViewCell.xib in Resources */,
			);
			runOnlyForDeploymentPostprocessing = 0;
		};
		57F996D32369D17B008AB6AA /* Resources */ = {
			isa = PBXResourcesBuildPhase;
			buildActionMask = 2147483647;
			files = (
			);
			runOnlyForDeploymentPostprocessing = 0;
		};
		57F996DE2369D17B008AB6AA /* Resources */ = {
			isa = PBXResourcesBuildPhase;
			buildActionMask = 2147483647;
			files = (
			);
			runOnlyForDeploymentPostprocessing = 0;
		};
/* End PBXResourcesBuildPhase section */

/* Begin PBXShellScriptBuildPhase section */
		5560FA1067B3EC2F43262086 /* [CP] Embed Pods Frameworks */ = {
			isa = PBXShellScriptBuildPhase;
			buildActionMask = 2147483647;
			files = (
			);
			inputFileListPaths = (
				"${PODS_ROOT}/Target Support Files/Pods-YoutubeLikeNetflix/Pods-YoutubeLikeNetflix-frameworks-${CONFIGURATION}-input-files.xcfilelist",
			);
			name = "[CP] Embed Pods Frameworks";
			outputFileListPaths = (
				"${PODS_ROOT}/Target Support Files/Pods-YoutubeLikeNetflix/Pods-YoutubeLikeNetflix-frameworks-${CONFIGURATION}-output-files.xcfilelist",
			);
			runOnlyForDeploymentPostprocessing = 0;
			shellPath = /bin/sh;
			shellScript = "\"${PODS_ROOT}/Target Support Files/Pods-YoutubeLikeNetflix/Pods-YoutubeLikeNetflix-frameworks.sh\"\n";
			showEnvVarsInLog = 0;
		};
		A011DC3DD357C56638451BBC /* [CP] Check Pods Manifest.lock */ = {
			isa = PBXShellScriptBuildPhase;
			buildActionMask = 2147483647;
			files = (
			);
			inputFileListPaths = (
			);
			inputPaths = (
				"${PODS_PODFILE_DIR_PATH}/Podfile.lock",
				"${PODS_ROOT}/Manifest.lock",
			);
			name = "[CP] Check Pods Manifest.lock";
			outputFileListPaths = (
			);
			outputPaths = (
				"$(DERIVED_FILE_DIR)/Pods-YoutubeLikeNetflix-checkManifestLockResult.txt",
			);
			runOnlyForDeploymentPostprocessing = 0;
			shellPath = /bin/sh;
			shellScript = "diff \"${PODS_PODFILE_DIR_PATH}/Podfile.lock\" \"${PODS_ROOT}/Manifest.lock\" > /dev/null\nif [ $? != 0 ] ; then\n    # print error to STDERR\n    echo \"error: The sandbox is not in sync with the Podfile.lock. Run 'pod install' or update your CocoaPods installation.\" >&2\n    exit 1\nfi\n# This output is used by Xcode 'outputs' to avoid re-running this script phase.\necho \"SUCCESS\" > \"${SCRIPT_OUTPUT_FILE_0}\"\n";
			showEnvVarsInLog = 0;
		};
		A7432FCCA20AB8E59DFD35B7 /* [CP] Check Pods Manifest.lock */ = {
			isa = PBXShellScriptBuildPhase;
			buildActionMask = 2147483647;
			files = (
			);
			inputFileListPaths = (
			);
			inputPaths = (
				"${PODS_PODFILE_DIR_PATH}/Podfile.lock",
				"${PODS_ROOT}/Manifest.lock",
			);
			name = "[CP] Check Pods Manifest.lock";
			outputFileListPaths = (
			);
			outputPaths = (
				"$(DERIVED_FILE_DIR)/Pods-YoutubeLikeNetflixUITests-checkManifestLockResult.txt",
			);
			runOnlyForDeploymentPostprocessing = 0;
			shellPath = /bin/sh;
			shellScript = "diff \"${PODS_PODFILE_DIR_PATH}/Podfile.lock\" \"${PODS_ROOT}/Manifest.lock\" > /dev/null\nif [ $? != 0 ] ; then\n    # print error to STDERR\n    echo \"error: The sandbox is not in sync with the Podfile.lock. Run 'pod install' or update your CocoaPods installation.\" >&2\n    exit 1\nfi\n# This output is used by Xcode 'outputs' to avoid re-running this script phase.\necho \"SUCCESS\" > \"${SCRIPT_OUTPUT_FILE_0}\"\n";
			showEnvVarsInLog = 0;
		};
		B137D2428C0FCA7E4193E059 /* [CP] Check Pods Manifest.lock */ = {
			isa = PBXShellScriptBuildPhase;
			buildActionMask = 2147483647;
			files = (
			);
			inputFileListPaths = (
			);
			inputPaths = (
				"${PODS_PODFILE_DIR_PATH}/Podfile.lock",
				"${PODS_ROOT}/Manifest.lock",
			);
			name = "[CP] Check Pods Manifest.lock";
			outputFileListPaths = (
			);
			outputPaths = (
				"$(DERIVED_FILE_DIR)/Pods-YoutubeLikeNetflixTests-checkManifestLockResult.txt",
			);
			runOnlyForDeploymentPostprocessing = 0;
			shellPath = /bin/sh;
			shellScript = "diff \"${PODS_PODFILE_DIR_PATH}/Podfile.lock\" \"${PODS_ROOT}/Manifest.lock\" > /dev/null\nif [ $? != 0 ] ; then\n    # print error to STDERR\n    echo \"error: The sandbox is not in sync with the Podfile.lock. Run 'pod install' or update your CocoaPods installation.\" >&2\n    exit 1\nfi\n# This output is used by Xcode 'outputs' to avoid re-running this script phase.\necho \"SUCCESS\" > \"${SCRIPT_OUTPUT_FILE_0}\"\n";
			showEnvVarsInLog = 0;
		};
/* End PBXShellScriptBuildPhase section */

/* Begin PBXSourcesBuildPhase section */
		57F996BB2369D179008AB6AA /* Sources */ = {
			isa = PBXSourcesBuildPhase;
			buildActionMask = 2147483647;
			files = (
				57F996F72369E6C7008AB6AA /* VideoSearchViewController.swift in Sources */,
				57C410C7237001B000748D16 /* CategorizedVideo.swift in Sources */,
				57155F42236D583B00B0A523 /* MockSection.swift in Sources */,
				5760FDB7236C6E8200B30979 /* MockVideoItem.swift in Sources */,
				57155F2E236D50B500B0A523 /* Dispatcher.swift in Sources */,
				57155F52236D76D900B0A523 /* YoutubeKitTestViewController.swift in Sources */,
				57F996FB2369E757008AB6AA /* VideoDetailViewController.swift in Sources */,
				57155F45236D69BB00B0A523 /* YoutubeDataApiClient.swift in Sources */,
				57F996C72369D179008AB6AA /* HomeViewController.swift in Sources */,
				57F996F92369E728008AB6AA /* CategoryVideoListViewController.swift in Sources */,
				57155F65236DF53C00B0A523 /* VideoListApi.swift in Sources */,
				57F996F42369E0E4008AB6AA /* VideoTableViewCell.swift in Sources */,
				57155F6E236E01CE00B0A523 /* HomeActionCreator.swift in Sources */,
				57C410C0236F26BE00748D16 /* VideoCategoryListApi.swift in Sources */,
				57155F76236E0BC100B0A523 /* ActionProtocol.swift in Sources */,
				57F996C32369D179008AB6AA /* AppDelegate.swift in Sources */,
				57155F33236D510800B0A523 /* States.swift in Sources */,
				57155F57236DED0200B0A523 /* ReponseErrorHandler.swift in Sources */,
				57155F80236E199D00B0A523 /* VideoCell.swift in Sources */,
				57F9970E236B3034008AB6AA /* VideoCollectionTableViewCell.swift in Sources */,
				57C410BC236E975800748D16 /* ChannelListlApi.swift in Sources */,
				57155F36236D515D00B0A523 /* HomeAction.swift in Sources */,
				57155F3E236D53EE00B0A523 /* CategorizedVideosStore.swift in Sources */,
				57C410C5236FFE0100748D16 /* ExReactive.swift in Sources */,
				57155F5B236DED5C00B0A523 /* ResponseError.swift in Sources */,
				57C410C2236F30D600748D16 /* VideosState.swift in Sources */,
				57C410CA2370040A00748D16 /* HomeInitialStore.swift in Sources */,
				57C410CD2370049600748D16 /* HomeInitialState.swift in Sources */,
				57F9970A236AE406008AB6AA /* VideoCollectionViewCell.swift in Sources */,
				57F996C52369D179008AB6AA /* SceneDelegate.swift in Sources */,
			);
			runOnlyForDeploymentPostprocessing = 0;
		};
		57F996D12369D17B008AB6AA /* Sources */ = {
			isa = PBXSourcesBuildPhase;
			buildActionMask = 2147483647;
			files = (
				57F996DA2369D17B008AB6AA /* YoutubeLikeNetflixTests.swift in Sources */,
			);
			runOnlyForDeploymentPostprocessing = 0;
		};
		57F996DC2369D17B008AB6AA /* Sources */ = {
			isa = PBXSourcesBuildPhase;
			buildActionMask = 2147483647;
			files = (
				57F996E52369D17B008AB6AA /* YoutubeLikeNetflixUITests.swift in Sources */,
			);
			runOnlyForDeploymentPostprocessing = 0;
		};
/* End PBXSourcesBuildPhase section */

/* Begin PBXTargetDependency section */
		57F996D72369D17B008AB6AA /* PBXTargetDependency */ = {
			isa = PBXTargetDependency;
			target = 57F996BE2369D179008AB6AA /* YoutubeLikeNetflix */;
			targetProxy = 57F996D62369D17B008AB6AA /* PBXContainerItemProxy */;
		};
		57F996E22369D17B008AB6AA /* PBXTargetDependency */ = {
			isa = PBXTargetDependency;
			target = 57F996BE2369D179008AB6AA /* YoutubeLikeNetflix */;
			targetProxy = 57F996E12369D17B008AB6AA /* PBXContainerItemProxy */;
		};
/* End PBXTargetDependency section */

/* Begin PBXVariantGroup section */
		57155F53236D893100B0A523 /* Main.storyboard */ = {
			isa = PBXVariantGroup;
			children = (
				57155F54236D893100B0A523 /* Base */,
			);
			name = Main.storyboard;
			sourceTree = "<group>";
		};
		57F996CD2369D17B008AB6AA /* LaunchScreen.storyboard */ = {
			isa = PBXVariantGroup;
			children = (
				57F996CE2369D17B008AB6AA /* Base */,
			);
			name = LaunchScreen.storyboard;
			sourceTree = "<group>";
		};
/* End PBXVariantGroup section */

/* Begin XCBuildConfiguration section */
		57F996E72369D17B008AB6AA /* Debug */ = {
			isa = XCBuildConfiguration;
			buildSettings = {
				ALWAYS_SEARCH_USER_PATHS = NO;
				CLANG_ANALYZER_NONNULL = YES;
				CLANG_ANALYZER_NUMBER_OBJECT_CONVERSION = YES_AGGRESSIVE;
				CLANG_CXX_LANGUAGE_STANDARD = "gnu++14";
				CLANG_CXX_LIBRARY = "libc++";
				CLANG_ENABLE_MODULES = YES;
				CLANG_ENABLE_OBJC_ARC = YES;
				CLANG_ENABLE_OBJC_WEAK = YES;
				CLANG_WARN_BLOCK_CAPTURE_AUTORELEASING = YES;
				CLANG_WARN_BOOL_CONVERSION = YES;
				CLANG_WARN_COMMA = YES;
				CLANG_WARN_CONSTANT_CONVERSION = YES;
				CLANG_WARN_DEPRECATED_OBJC_IMPLEMENTATIONS = YES;
				CLANG_WARN_DIRECT_OBJC_ISA_USAGE = YES_ERROR;
				CLANG_WARN_DOCUMENTATION_COMMENTS = YES;
				CLANG_WARN_EMPTY_BODY = YES;
				CLANG_WARN_ENUM_CONVERSION = YES;
				CLANG_WARN_INFINITE_RECURSION = YES;
				CLANG_WARN_INT_CONVERSION = YES;
				CLANG_WARN_NON_LITERAL_NULL_CONVERSION = YES;
				CLANG_WARN_OBJC_IMPLICIT_RETAIN_SELF = YES;
				CLANG_WARN_OBJC_LITERAL_CONVERSION = YES;
				CLANG_WARN_OBJC_ROOT_CLASS = YES_ERROR;
				CLANG_WARN_RANGE_LOOP_ANALYSIS = YES;
				CLANG_WARN_STRICT_PROTOTYPES = YES;
				CLANG_WARN_SUSPICIOUS_MOVE = YES;
				CLANG_WARN_UNGUARDED_AVAILABILITY = YES_AGGRESSIVE;
				CLANG_WARN_UNREACHABLE_CODE = YES;
				CLANG_WARN__DUPLICATE_METHOD_MATCH = YES;
				COPY_PHASE_STRIP = NO;
				DEBUG_INFORMATION_FORMAT = dwarf;
				ENABLE_STRICT_OBJC_MSGSEND = YES;
				ENABLE_TESTABILITY = YES;
				GCC_C_LANGUAGE_STANDARD = gnu11;
				GCC_DYNAMIC_NO_PIC = NO;
				GCC_NO_COMMON_BLOCKS = YES;
				GCC_OPTIMIZATION_LEVEL = 0;
				GCC_PREPROCESSOR_DEFINITIONS = (
					"DEBUG=1",
					"$(inherited)",
				);
				GCC_WARN_64_TO_32_BIT_CONVERSION = YES;
				GCC_WARN_ABOUT_RETURN_TYPE = YES_ERROR;
				GCC_WARN_UNDECLARED_SELECTOR = YES;
				GCC_WARN_UNINITIALIZED_AUTOS = YES_AGGRESSIVE;
				GCC_WARN_UNUSED_FUNCTION = YES;
				GCC_WARN_UNUSED_VARIABLE = YES;
				IPHONEOS_DEPLOYMENT_TARGET = 13.1;
				MTL_ENABLE_DEBUG_INFO = INCLUDE_SOURCE;
				MTL_FAST_MATH = YES;
				ONLY_ACTIVE_ARCH = YES;
				SDKROOT = iphoneos;
				SWIFT_ACTIVE_COMPILATION_CONDITIONS = DEBUG;
				SWIFT_OPTIMIZATION_LEVEL = "-Onone";
			};
			name = Debug;
		};
		57F996E82369D17B008AB6AA /* Release */ = {
			isa = XCBuildConfiguration;
			buildSettings = {
				ALWAYS_SEARCH_USER_PATHS = NO;
				CLANG_ANALYZER_NONNULL = YES;
				CLANG_ANALYZER_NUMBER_OBJECT_CONVERSION = YES_AGGRESSIVE;
				CLANG_CXX_LANGUAGE_STANDARD = "gnu++14";
				CLANG_CXX_LIBRARY = "libc++";
				CLANG_ENABLE_MODULES = YES;
				CLANG_ENABLE_OBJC_ARC = YES;
				CLANG_ENABLE_OBJC_WEAK = YES;
				CLANG_WARN_BLOCK_CAPTURE_AUTORELEASING = YES;
				CLANG_WARN_BOOL_CONVERSION = YES;
				CLANG_WARN_COMMA = YES;
				CLANG_WARN_CONSTANT_CONVERSION = YES;
				CLANG_WARN_DEPRECATED_OBJC_IMPLEMENTATIONS = YES;
				CLANG_WARN_DIRECT_OBJC_ISA_USAGE = YES_ERROR;
				CLANG_WARN_DOCUMENTATION_COMMENTS = YES;
				CLANG_WARN_EMPTY_BODY = YES;
				CLANG_WARN_ENUM_CONVERSION = YES;
				CLANG_WARN_INFINITE_RECURSION = YES;
				CLANG_WARN_INT_CONVERSION = YES;
				CLANG_WARN_NON_LITERAL_NULL_CONVERSION = YES;
				CLANG_WARN_OBJC_IMPLICIT_RETAIN_SELF = YES;
				CLANG_WARN_OBJC_LITERAL_CONVERSION = YES;
				CLANG_WARN_OBJC_ROOT_CLASS = YES_ERROR;
				CLANG_WARN_RANGE_LOOP_ANALYSIS = YES;
				CLANG_WARN_STRICT_PROTOTYPES = YES;
				CLANG_WARN_SUSPICIOUS_MOVE = YES;
				CLANG_WARN_UNGUARDED_AVAILABILITY = YES_AGGRESSIVE;
				CLANG_WARN_UNREACHABLE_CODE = YES;
				CLANG_WARN__DUPLICATE_METHOD_MATCH = YES;
				COPY_PHASE_STRIP = NO;
				DEBUG_INFORMATION_FORMAT = "dwarf-with-dsym";
				ENABLE_NS_ASSERTIONS = NO;
				ENABLE_STRICT_OBJC_MSGSEND = YES;
				GCC_C_LANGUAGE_STANDARD = gnu11;
				GCC_NO_COMMON_BLOCKS = YES;
				GCC_WARN_64_TO_32_BIT_CONVERSION = YES;
				GCC_WARN_ABOUT_RETURN_TYPE = YES_ERROR;
				GCC_WARN_UNDECLARED_SELECTOR = YES;
				GCC_WARN_UNINITIALIZED_AUTOS = YES_AGGRESSIVE;
				GCC_WARN_UNUSED_FUNCTION = YES;
				GCC_WARN_UNUSED_VARIABLE = YES;
				IPHONEOS_DEPLOYMENT_TARGET = 13.1;
				MTL_ENABLE_DEBUG_INFO = NO;
				MTL_FAST_MATH = YES;
				SDKROOT = iphoneos;
				SWIFT_COMPILATION_MODE = wholemodule;
				SWIFT_OPTIMIZATION_LEVEL = "-O";
				VALIDATE_PRODUCT = YES;
			};
			name = Release;
		};
		57F996EA2369D17B008AB6AA /* Debug */ = {
			isa = XCBuildConfiguration;
			baseConfigurationReference = 63955F5B99255387C0B718E1 /* Pods-YoutubeLikeNetflix.debug.xcconfig */;
			buildSettings = {
				ASSETCATALOG_COMPILER_APPICON_NAME = AppIcon;
				CODE_SIGN_STYLE = Automatic;
				DEVELOPMENT_TEAM = GU9D57Q492;
				INFOPLIST_FILE = YoutubeLikeNetflix/Info.plist;
				LD_RUNPATH_SEARCH_PATHS = (
					"$(inherited)",
					"@executable_path/Frameworks",
				);
				PRODUCT_BUNDLE_IDENTIFIER = jp.tomoya.suzuki.YoutubeLikeNetflix;
				PRODUCT_NAME = "$(TARGET_NAME)";
				SWIFT_VERSION = 5.0;
				TARGETED_DEVICE_FAMILY = "1,2";
			};
			name = Debug;
		};
		57F996EB2369D17B008AB6AA /* Release */ = {
			isa = XCBuildConfiguration;
			baseConfigurationReference = 9627E872D5F4DB4C21027F80 /* Pods-YoutubeLikeNetflix.release.xcconfig */;
			buildSettings = {
				ASSETCATALOG_COMPILER_APPICON_NAME = AppIcon;
				CODE_SIGN_STYLE = Automatic;
				DEVELOPMENT_TEAM = GU9D57Q492;
				INFOPLIST_FILE = YoutubeLikeNetflix/Info.plist;
				LD_RUNPATH_SEARCH_PATHS = (
					"$(inherited)",
					"@executable_path/Frameworks",
				);
				PRODUCT_BUNDLE_IDENTIFIER = jp.tomoya.suzuki.YoutubeLikeNetflix;
				PRODUCT_NAME = "$(TARGET_NAME)";
				SWIFT_VERSION = 5.0;
				TARGETED_DEVICE_FAMILY = "1,2";
			};
			name = Release;
		};
		57F996ED2369D17B008AB6AA /* Debug */ = {
			isa = XCBuildConfiguration;
			baseConfigurationReference = 116F11B14C653B1A7971AB21 /* Pods-YoutubeLikeNetflixTests.debug.xcconfig */;
			buildSettings = {
				ALWAYS_EMBED_SWIFT_STANDARD_LIBRARIES = YES;
				BUNDLE_LOADER = "$(TEST_HOST)";
				CODE_SIGN_STYLE = Automatic;
				DEVELOPMENT_TEAM = GU9D57Q492;
				INFOPLIST_FILE = YoutubeLikeNetflixTests/Info.plist;
				IPHONEOS_DEPLOYMENT_TARGET = 13.1;
				LD_RUNPATH_SEARCH_PATHS = (
					"$(inherited)",
					"@executable_path/Frameworks",
					"@loader_path/Frameworks",
				);
				PRODUCT_BUNDLE_IDENTIFIER = jp.tomoya.suzuki.YoutubeLikeNetflixTests;
				PRODUCT_NAME = "$(TARGET_NAME)";
				SWIFT_VERSION = 5.0;
				TARGETED_DEVICE_FAMILY = "1,2";
				TEST_HOST = "$(BUILT_PRODUCTS_DIR)/YoutubeLikeNetflix.app/YoutubeLikeNetflix";
			};
			name = Debug;
		};
		57F996EE2369D17B008AB6AA /* Release */ = {
			isa = XCBuildConfiguration;
			baseConfigurationReference = 132703E439226C8E042C46BD /* Pods-YoutubeLikeNetflixTests.release.xcconfig */;
			buildSettings = {
				ALWAYS_EMBED_SWIFT_STANDARD_LIBRARIES = YES;
				BUNDLE_LOADER = "$(TEST_HOST)";
				CODE_SIGN_STYLE = Automatic;
				DEVELOPMENT_TEAM = GU9D57Q492;
				INFOPLIST_FILE = YoutubeLikeNetflixTests/Info.plist;
				IPHONEOS_DEPLOYMENT_TARGET = 13.1;
				LD_RUNPATH_SEARCH_PATHS = (
					"$(inherited)",
					"@executable_path/Frameworks",
					"@loader_path/Frameworks",
				);
				PRODUCT_BUNDLE_IDENTIFIER = jp.tomoya.suzuki.YoutubeLikeNetflixTests;
				PRODUCT_NAME = "$(TARGET_NAME)";
				SWIFT_VERSION = 5.0;
				TARGETED_DEVICE_FAMILY = "1,2";
				TEST_HOST = "$(BUILT_PRODUCTS_DIR)/YoutubeLikeNetflix.app/YoutubeLikeNetflix";
			};
			name = Release;
		};
		57F996F02369D17B008AB6AA /* Debug */ = {
			isa = XCBuildConfiguration;
			baseConfigurationReference = 927702E39275A1366AC22929 /* Pods-YoutubeLikeNetflixUITests.debug.xcconfig */;
			buildSettings = {
				ALWAYS_EMBED_SWIFT_STANDARD_LIBRARIES = YES;
				CODE_SIGN_STYLE = Automatic;
				DEVELOPMENT_TEAM = GU9D57Q492;
				INFOPLIST_FILE = YoutubeLikeNetflixUITests/Info.plist;
				LD_RUNPATH_SEARCH_PATHS = (
					"$(inherited)",
					"@executable_path/Frameworks",
					"@loader_path/Frameworks",
				);
				PRODUCT_BUNDLE_IDENTIFIER = jp.tomoya.suzuki.YoutubeLikeNetflixUITests;
				PRODUCT_NAME = "$(TARGET_NAME)";
				SWIFT_VERSION = 5.0;
				TARGETED_DEVICE_FAMILY = "1,2";
				TEST_TARGET_NAME = YoutubeLikeNetflix;
			};
			name = Debug;
		};
		57F996F12369D17B008AB6AA /* Release */ = {
			isa = XCBuildConfiguration;
			baseConfigurationReference = D4B0B13E7B277AA8C7CDED02 /* Pods-YoutubeLikeNetflixUITests.release.xcconfig */;
			buildSettings = {
				ALWAYS_EMBED_SWIFT_STANDARD_LIBRARIES = YES;
				CODE_SIGN_STYLE = Automatic;
				DEVELOPMENT_TEAM = GU9D57Q492;
				INFOPLIST_FILE = YoutubeLikeNetflixUITests/Info.plist;
				LD_RUNPATH_SEARCH_PATHS = (
					"$(inherited)",
					"@executable_path/Frameworks",
					"@loader_path/Frameworks",
				);
				PRODUCT_BUNDLE_IDENTIFIER = jp.tomoya.suzuki.YoutubeLikeNetflixUITests;
				PRODUCT_NAME = "$(TARGET_NAME)";
				SWIFT_VERSION = 5.0;
				TARGETED_DEVICE_FAMILY = "1,2";
				TEST_TARGET_NAME = YoutubeLikeNetflix;
			};
			name = Release;
		};
/* End XCBuildConfiguration section */

/* Begin XCConfigurationList section */
		57F996BA2369D179008AB6AA /* Build configuration list for PBXProject "YoutubeLikeNetflix" */ = {
			isa = XCConfigurationList;
			buildConfigurations = (
				57F996E72369D17B008AB6AA /* Debug */,
				57F996E82369D17B008AB6AA /* Release */,
			);
			defaultConfigurationIsVisible = 0;
			defaultConfigurationName = Release;
		};
		57F996E92369D17B008AB6AA /* Build configuration list for PBXNativeTarget "YoutubeLikeNetflix" */ = {
			isa = XCConfigurationList;
			buildConfigurations = (
				57F996EA2369D17B008AB6AA /* Debug */,
				57F996EB2369D17B008AB6AA /* Release */,
			);
			defaultConfigurationIsVisible = 0;
			defaultConfigurationName = Release;
		};
		57F996EC2369D17B008AB6AA /* Build configuration list for PBXNativeTarget "YoutubeLikeNetflixTests" */ = {
			isa = XCConfigurationList;
			buildConfigurations = (
				57F996ED2369D17B008AB6AA /* Debug */,
				57F996EE2369D17B008AB6AA /* Release */,
			);
			defaultConfigurationIsVisible = 0;
			defaultConfigurationName = Release;
		};
		57F996EF2369D17B008AB6AA /* Build configuration list for PBXNativeTarget "YoutubeLikeNetflixUITests" */ = {
			isa = XCConfigurationList;
			buildConfigurations = (
				57F996F02369D17B008AB6AA /* Debug */,
				57F996F12369D17B008AB6AA /* Release */,
			);
			defaultConfigurationIsVisible = 0;
			defaultConfigurationName = Release;
		};
/* End XCConfigurationList section */
	};
	rootObject = 57F996B72369D179008AB6AA /* Project object */;
}
