// !$*UTF8*$!
{
	archiveVersion = 1;
	classes = {
	};
	objectVersion = 51;
	objects = {

/* Begin PBXBuildFile section */
		1D15F038955582395DF3972B /* Pods_YoutubeLikeNetflixUITests.framework in Frameworks */ = {isa = PBXBuildFile; fileRef = 10B11FB9F47D1A99B8F0ADDF /* Pods_YoutubeLikeNetflixUITests.framework */; };
		57155F45236D69BB00B0A523 /* YoutubeDataApiClient.swift in Sources */ = {isa = PBXBuildFile; fileRef = 57155F44236D69BB00B0A523 /* YoutubeDataApiClient.swift */; };
		57155F55236D893100B0A523 /* Main.storyboard in Resources */ = {isa = PBXBuildFile; fileRef = 57155F53236D893100B0A523 /* Main.storyboard */; };
		57155F5B236DED5C00B0A523 /* ResponseError.swift in Sources */ = {isa = PBXBuildFile; fileRef = 57155F5A236DED5C00B0A523 /* ResponseError.swift */; };
		57155F65236DF53C00B0A523 /* VideoListApi.swift in Sources */ = {isa = PBXBuildFile; fileRef = 57155F64236DF53C00B0A523 /* VideoListApi.swift */; };
		57155F80236E199D00B0A523 /* VideoCell.swift in Sources */ = {isa = PBXBuildFile; fileRef = 57155F7F236E199D00B0A523 /* VideoCell.swift */; };
		572170E2237CED5F00F2D02D /* VideoDetailFooterView.swift in Sources */ = {isa = PBXBuildFile; fileRef = 572170E1237CED5F00F2D02D /* VideoDetailFooterView.swift */; };
		572170E4237CED7E00F2D02D /* VideoChannleView.swift in Sources */ = {isa = PBXBuildFile; fileRef = 572170E3237CED7E00F2D02D /* VideoChannleView.swift */; };
		572170E8237CEDA700F2D02D /* VideoCommentTitleView.swift in Sources */ = {isa = PBXBuildFile; fileRef = 572170E7237CEDA700F2D02D /* VideoCommentTitleView.swift */; };
		572170EA237CEDD300F2D02D /* VideoDescriptionView.swift in Sources */ = {isa = PBXBuildFile; fileRef = 572170E9237CEDD300F2D02D /* VideoDescriptionView.swift */; };
		572170EC237CEDFE00F2D02D /* VideoPlayerDefaultView.swift in Sources */ = {isa = PBXBuildFile; fileRef = 572170EB237CEDFE00F2D02D /* VideoPlayerDefaultView.swift */; };
		572170F0237CEE8100F2D02D /* VideoCommentView.swift in Sources */ = {isa = PBXBuildFile; fileRef = 572170EF237CEE8100F2D02D /* VideoCommentView.swift */; };
		572170F2237CEE9000F2D02D /* VideoCommentView.xib in Resources */ = {isa = PBXBuildFile; fileRef = 572170F1237CEE8F00F2D02D /* VideoCommentView.xib */; };
		572170F4237D1AF400F2D02D /* VideoCommentTitleView.xib in Resources */ = {isa = PBXBuildFile; fileRef = 572170F3237D1AF400F2D02D /* VideoCommentTitleView.xib */; };
		572170F6237D1FFF00F2D02D /* VideoChannelView.xib in Resources */ = {isa = PBXBuildFile; fileRef = 572170F5237D1FFF00F2D02D /* VideoChannelView.xib */; };
		572170F8237D243300F2D02D /* VideoDescriptionView.xib in Resources */ = {isa = PBXBuildFile; fileRef = 572170F7237D243200F2D02D /* VideoDescriptionView.xib */; };
		572170FB237D283200F2D02D /* VideoPlayerView.swift in Sources */ = {isa = PBXBuildFile; fileRef = 572170FA237D283200F2D02D /* VideoPlayerView.swift */; };
		572170FD237D2D5500F2D02D /* VideoDetailViewModel.swift in Sources */ = {isa = PBXBuildFile; fileRef = 572170FC237D2D5500F2D02D /* VideoDetailViewModel.swift */; };
		572170FF237D331100F2D02D /* CommentListApi.swift in Sources */ = {isa = PBXBuildFile; fileRef = 572170FE237D331100F2D02D /* CommentListApi.swift */; };
		57217105237D3B7F00F2D02D /* CommnetListApiAssembly.swift in Sources */ = {isa = PBXBuildFile; fileRef = 57217104237D3B7F00F2D02D /* CommnetListApiAssembly.swift */; };
		57217107237D3BE500F2D02D /* YoutubeDataApiClientAssembly.swift in Sources */ = {isa = PBXBuildFile; fileRef = 57217106237D3BE500F2D02D /* YoutubeDataApiClientAssembly.swift */; };
		57217109237D3C6B00F2D02D /* ChannelListApiAssembly.swift in Sources */ = {isa = PBXBuildFile; fileRef = 57217108237D3C6B00F2D02D /* ChannelListApiAssembly.swift */; };
		5721710B237D3CEB00F2D02D /* VideoSearchApiAssembly.swift in Sources */ = {isa = PBXBuildFile; fileRef = 5721710A237D3CEB00F2D02D /* VideoSearchApiAssembly.swift */; };
		5721710D237D3D2200F2D02D /* VideoListApiAssembly.swift in Sources */ = {isa = PBXBuildFile; fileRef = 5721710C237D3D2200F2D02D /* VideoListApiAssembly.swift */; };
		57217111237D3DA000F2D02D /* VideoViewModelAssembly.swift in Sources */ = {isa = PBXBuildFile; fileRef = 57217110237D3DA000F2D02D /* VideoViewModelAssembly.swift */; };
		57217113237D434800F2D02D /* SegmentSearchViewModelAssembly.swift in Sources */ = {isa = PBXBuildFile; fileRef = 57217112237D434800F2D02D /* SegmentSearchViewModelAssembly.swift */; };
		57217115237D4E6D00F2D02D /* VideoSearchViewModelAssembly.swift in Sources */ = {isa = PBXBuildFile; fileRef = 57217114237D4E6D00F2D02D /* VideoSearchViewModelAssembly.swift */; };
		57217118237D50F100F2D02D /* HomeViewModelAssembly.swift in Sources */ = {isa = PBXBuildFile; fileRef = 57217117237D50F100F2D02D /* HomeViewModelAssembly.swift */; };
		5721711B237D52AD00F2D02D /* Constant.swift in Sources */ = {isa = PBXBuildFile; fileRef = 5721711A237D52AD00F2D02D /* Constant.swift */; };
		57C410C5236FFE0100748D16 /* ExReactive.swift in Sources */ = {isa = PBXBuildFile; fileRef = 57C410C4236FFE0100748D16 /* ExReactive.swift */; };
		57C410D023700AA800748D16 /* HomeViewModel.swift in Sources */ = {isa = PBXBuildFile; fileRef = 57C410CF23700AA800748D16 /* HomeViewModel.swift */; };
		57C410D323719DEA00748D16 /* VideoThumbnailCollectionViewCell.swift in Sources */ = {isa = PBXBuildFile; fileRef = 57C410D123719DEA00748D16 /* VideoThumbnailCollectionViewCell.swift */; };
		57C410D423719DEA00748D16 /* VideoThumbnailCollectionViewCell.xib in Resources */ = {isa = PBXBuildFile; fileRef = 57C410D223719DEA00748D16 /* VideoThumbnailCollectionViewCell.xib */; };
		57C6E6022377CA95003E3FC6 /* CategoryVideosViewController.swift in Sources */ = {isa = PBXBuildFile; fileRef = 57C6E6012377CA95003E3FC6 /* CategoryVideosViewController.swift */; };
		57C6E6072377CE0D003E3FC6 /* VideoDefaultView.swift in Sources */ = {isa = PBXBuildFile; fileRef = 57C6E6062377CE0D003E3FC6 /* VideoDefaultView.swift */; };
		57C6E6092377CF07003E3FC6 /* VideoTableViewCell.swift in Sources */ = {isa = PBXBuildFile; fileRef = 57C6E6082377CF07003E3FC6 /* VideoTableViewCell.swift */; };
		57C6E60B2377D29B003E3FC6 /* TableHeaderView.swift in Sources */ = {isa = PBXBuildFile; fileRef = 57C6E60A2377D29B003E3FC6 /* TableHeaderView.swift */; };
		57C6E60D2377D421003E3FC6 /* PaddingButton.swift in Sources */ = {isa = PBXBuildFile; fileRef = 57C6E60C2377D421003E3FC6 /* PaddingButton.swift */; };
		57C6E6162377E1B6003E3FC6 /* CustomHeaderContainerView.swift in Sources */ = {isa = PBXBuildFile; fileRef = 57C6E6152377E1B6003E3FC6 /* CustomHeaderContainerView.swift */; };
		57C6E6182378197B003E3FC6 /* DefaultVideoCollectionCell.swift in Sources */ = {isa = PBXBuildFile; fileRef = 57C6E6172378197B003E3FC6 /* DefaultVideoCollectionCell.swift */; };
		57C6E61A23782D60003E3FC6 /* CollectionContainerCell.swift in Sources */ = {isa = PBXBuildFile; fileRef = 57C6E61923782D60003E3FC6 /* CollectionContainerCell.swift */; };
		57C6E61C237859DF003E3FC6 /* CollectionWrapView.swift in Sources */ = {isa = PBXBuildFile; fileRef = 57C6E61B237859DF003E3FC6 /* CollectionWrapView.swift */; };
		57C6E61E23785F2D003E3FC6 /* ViewController.swift in Sources */ = {isa = PBXBuildFile; fileRef = 57C6E61D23785F2D003E3FC6 /* ViewController.swift */; };
		57C6E62023794675003E3FC6 /* VideoSearchViewModel.swift in Sources */ = {isa = PBXBuildFile; fileRef = 57C6E61F23794675003E3FC6 /* VideoSearchViewModel.swift */; };
		57C6E6222379490F003E3FC6 /* VideoSearchApi.swift in Sources */ = {isa = PBXBuildFile; fileRef = 57C6E6212379490F003E3FC6 /* VideoSearchApi.swift */; };
		57C6E624237B8E3F003E3FC6 /* ExCell.swift in Sources */ = {isa = PBXBuildFile; fileRef = 57C6E623237B8E3F003E3FC6 /* ExCell.swift */; };
		57C6E627237BA165003E3FC6 /* SegmentSearchViewController.swift in Sources */ = {isa = PBXBuildFile; fileRef = 57C6E626237BA165003E3FC6 /* SegmentSearchViewController.swift */; };
		57C6E629237BA173003E3FC6 /* SegmentSearchViewModel.swift in Sources */ = {isa = PBXBuildFile; fileRef = 57C6E628237BA173003E3FC6 /* SegmentSearchViewModel.swift */; };
		57C6E62B237BE031003E3FC6 /* ChannelListApi.swift in Sources */ = {isa = PBXBuildFile; fileRef = 57C6E62A237BE031003E3FC6 /* ChannelListApi.swift */; };
		57C6E62D237CE7EB003E3FC6 /* VideoDetailViewController.swift in Sources */ = {isa = PBXBuildFile; fileRef = 57C6E62C237CE7EA003E3FC6 /* VideoDetailViewController.swift */; };
		57E7834123756F62008F8C7A /* ExInt.swift in Sources */ = {isa = PBXBuildFile; fileRef = 57E7834023756F62008F8C7A /* ExInt.swift */; };
		57E78345237570BF008F8C7A /* VideoCollectionCell.swift in Sources */ = {isa = PBXBuildFile; fileRef = 57E78344237570BF008F8C7A /* VideoCollectionCell.swift */; };
		57E7834723757346008F8C7A /* VideoFooterView.swift in Sources */ = {isa = PBXBuildFile; fileRef = 57E7834623757346008F8C7A /* VideoFooterView.swift */; };
		57E7834923757843008F8C7A /* ExString.swift in Sources */ = {isa = PBXBuildFile; fileRef = 57E7834823757843008F8C7A /* ExString.swift */; };
		57E7834B23758839008F8C7A /* CollectionTableViewCell.swift in Sources */ = {isa = PBXBuildFile; fileRef = 57E7834A23758839008F8C7A /* CollectionTableViewCell.swift */; };
		57E7834D23759233008F8C7A /* CollectionHeaderView.swift in Sources */ = {isa = PBXBuildFile; fileRef = 57E7834C23759232008F8C7A /* CollectionHeaderView.swift */; };
		57E783542376F763008F8C7A /* PaddingLabel.swift in Sources */ = {isa = PBXBuildFile; fileRef = 57E783532376F763008F8C7A /* PaddingLabel.swift */; };
		57E783562376FC35008F8C7A /* SubTitleLabel.swift in Sources */ = {isa = PBXBuildFile; fileRef = 57E783552376FC35008F8C7A /* SubTitleLabel.swift */; };
		57F996C32369D179008AB6AA /* AppDelegate.swift in Sources */ = {isa = PBXBuildFile; fileRef = 57F996C22369D179008AB6AA /* AppDelegate.swift */; };
		57F996C52369D179008AB6AA /* SceneDelegate.swift in Sources */ = {isa = PBXBuildFile; fileRef = 57F996C42369D179008AB6AA /* SceneDelegate.swift */; };
		57F996C72369D179008AB6AA /* HomeViewController.swift in Sources */ = {isa = PBXBuildFile; fileRef = 57F996C62369D179008AB6AA /* HomeViewController.swift */; };
		57F996CC2369D17B008AB6AA /* Assets.xcassets in Resources */ = {isa = PBXBuildFile; fileRef = 57F996CB2369D17B008AB6AA /* Assets.xcassets */; };
		57F996CF2369D17B008AB6AA /* LaunchScreen.storyboard in Resources */ = {isa = PBXBuildFile; fileRef = 57F996CD2369D17B008AB6AA /* LaunchScreen.storyboard */; };
		57F996DA2369D17B008AB6AA /* YoutubeLikeNetflixTests.swift in Sources */ = {isa = PBXBuildFile; fileRef = 57F996D92369D17B008AB6AA /* YoutubeLikeNetflixTests.swift */; };
		57F996E52369D17B008AB6AA /* YoutubeLikeNetflixUITests.swift in Sources */ = {isa = PBXBuildFile; fileRef = 57F996E42369D17B008AB6AA /* YoutubeLikeNetflixUITests.swift */; };
		57F996F72369E6C7008AB6AA /* VideoSearchViewController.swift in Sources */ = {isa = PBXBuildFile; fileRef = 57F996F62369E6C7008AB6AA /* VideoSearchViewController.swift */; };
		57F9970E236B3034008AB6AA /* VideoCollectionTableViewCell.swift in Sources */ = {isa = PBXBuildFile; fileRef = 57F9970C236B3034008AB6AA /* VideoCollectionTableViewCell.swift */; };
		57F9970F236B3034008AB6AA /* VideoCollectionTableViewCell.xib in Resources */ = {isa = PBXBuildFile; fileRef = 57F9970D236B3034008AB6AA /* VideoCollectionTableViewCell.xib */; };
		E34D51C74598FD3FADE97DE2 /* Pods_YoutubeLikeNetflixTests.framework in Frameworks */ = {isa = PBXBuildFile; fileRef = A956BB89A362A16FDB71C12C /* Pods_YoutubeLikeNetflixTests.framework */; };
		E54928EA1CD0FE051020649C /* Pods_YoutubeLikeNetflix.framework in Frameworks */ = {isa = PBXBuildFile; fileRef = 2622ABEAFA84394C6BFE69AE /* Pods_YoutubeLikeNetflix.framework */; };
/* End PBXBuildFile section */

/* Begin PBXContainerItemProxy section */
		57F996D62369D17B008AB6AA /* PBXContainerItemProxy */ = {
			isa = PBXContainerItemProxy;
			containerPortal = 57F996B72369D179008AB6AA /* Project object */;
			proxyType = 1;
			remoteGlobalIDString = 57F996BE2369D179008AB6AA;
			remoteInfo = YoutubeLikeNetflix;
		};
		57F996E12369D17B008AB6AA /* PBXContainerItemProxy */ = {
			isa = PBXContainerItemProxy;
			containerPortal = 57F996B72369D179008AB6AA /* Project object */;
			proxyType = 1;
			remoteGlobalIDString = 57F996BE2369D179008AB6AA;
			remoteInfo = YoutubeLikeNetflix;
		};
/* End PBXContainerItemProxy section */

/* Begin PBXFileReference section */
		10B11FB9F47D1A99B8F0ADDF /* Pods_YoutubeLikeNetflixUITests.framework */ = {isa = PBXFileReference; explicitFileType = wrapper.framework; includeInIndex = 0; path = Pods_YoutubeLikeNetflixUITests.framework; sourceTree = BUILT_PRODUCTS_DIR; };
		116F11B14C653B1A7971AB21 /* Pods-YoutubeLikeNetflixTests.debug.xcconfig */ = {isa = PBXFileReference; includeInIndex = 1; lastKnownFileType = text.xcconfig; name = "Pods-YoutubeLikeNetflixTests.debug.xcconfig"; path = "Target Support Files/Pods-YoutubeLikeNetflixTests/Pods-YoutubeLikeNetflixTests.debug.xcconfig"; sourceTree = "<group>"; };
		132703E439226C8E042C46BD /* Pods-YoutubeLikeNetflixTests.release.xcconfig */ = {isa = PBXFileReference; includeInIndex = 1; lastKnownFileType = text.xcconfig; name = "Pods-YoutubeLikeNetflixTests.release.xcconfig"; path = "Target Support Files/Pods-YoutubeLikeNetflixTests/Pods-YoutubeLikeNetflixTests.release.xcconfig"; sourceTree = "<group>"; };
		2622ABEAFA84394C6BFE69AE /* Pods_YoutubeLikeNetflix.framework */ = {isa = PBXFileReference; explicitFileType = wrapper.framework; includeInIndex = 0; path = Pods_YoutubeLikeNetflix.framework; sourceTree = BUILT_PRODUCTS_DIR; };
		57155F44236D69BB00B0A523 /* YoutubeDataApiClient.swift */ = {isa = PBXFileReference; lastKnownFileType = sourcecode.swift; path = YoutubeDataApiClient.swift; sourceTree = "<group>"; };
		57155F54236D893100B0A523 /* Base */ = {isa = PBXFileReference; lastKnownFileType = file.storyboard; name = Base; path = YoutubeLikeNetflix/Base.lproj/Main.storyboard; sourceTree = "<group>"; };
		57155F5A236DED5C00B0A523 /* ResponseError.swift */ = {isa = PBXFileReference; lastKnownFileType = sourcecode.swift; path = ResponseError.swift; sourceTree = "<group>"; };
		57155F64236DF53C00B0A523 /* VideoListApi.swift */ = {isa = PBXFileReference; lastKnownFileType = sourcecode.swift; path = VideoListApi.swift; sourceTree = "<group>"; };
		57155F7F236E199D00B0A523 /* VideoCell.swift */ = {isa = PBXFileReference; lastKnownFileType = sourcecode.swift; path = VideoCell.swift; sourceTree = "<group>"; };
		572170E1237CED5F00F2D02D /* VideoDetailFooterView.swift */ = {isa = PBXFileReference; lastKnownFileType = sourcecode.swift; path = VideoDetailFooterView.swift; sourceTree = "<group>"; };
		572170E3237CED7E00F2D02D /* VideoChannleView.swift */ = {isa = PBXFileReference; lastKnownFileType = sourcecode.swift; path = VideoChannleView.swift; sourceTree = "<group>"; };
		572170E7237CEDA700F2D02D /* VideoCommentTitleView.swift */ = {isa = PBXFileReference; lastKnownFileType = sourcecode.swift; path = VideoCommentTitleView.swift; sourceTree = "<group>"; };
		572170E9237CEDD300F2D02D /* VideoDescriptionView.swift */ = {isa = PBXFileReference; lastKnownFileType = sourcecode.swift; path = VideoDescriptionView.swift; sourceTree = "<group>"; };
		572170EB237CEDFE00F2D02D /* VideoPlayerDefaultView.swift */ = {isa = PBXFileReference; lastKnownFileType = sourcecode.swift; path = VideoPlayerDefaultView.swift; sourceTree = "<group>"; };
		572170EF237CEE8100F2D02D /* VideoCommentView.swift */ = {isa = PBXFileReference; lastKnownFileType = sourcecode.swift; path = VideoCommentView.swift; sourceTree = "<group>"; };
		572170F1237CEE8F00F2D02D /* VideoCommentView.xib */ = {isa = PBXFileReference; lastKnownFileType = file.xib; path = VideoCommentView.xib; sourceTree = "<group>"; };
		572170F3237D1AF400F2D02D /* VideoCommentTitleView.xib */ = {isa = PBXFileReference; lastKnownFileType = file.xib; path = VideoCommentTitleView.xib; sourceTree = "<group>"; };
		572170F5237D1FFF00F2D02D /* VideoChannelView.xib */ = {isa = PBXFileReference; lastKnownFileType = file.xib; path = VideoChannelView.xib; sourceTree = "<group>"; };
		572170F7237D243200F2D02D /* VideoDescriptionView.xib */ = {isa = PBXFileReference; lastKnownFileType = file.xib; path = VideoDescriptionView.xib; sourceTree = "<group>"; };
		572170FA237D283200F2D02D /* VideoPlayerView.swift */ = {isa = PBXFileReference; lastKnownFileType = sourcecode.swift; path = VideoPlayerView.swift; sourceTree = "<group>"; };
		572170FC237D2D5500F2D02D /* VideoDetailViewModel.swift */ = {isa = PBXFileReference; lastKnownFileType = sourcecode.swift; path = VideoDetailViewModel.swift; sourceTree = "<group>"; };
		572170FE237D331100F2D02D /* CommentListApi.swift */ = {isa = PBXFileReference; lastKnownFileType = sourcecode.swift; path = CommentListApi.swift; sourceTree = "<group>"; };
		57217104237D3B7F00F2D02D /* CommnetListApiAssembly.swift */ = {isa = PBXFileReference; lastKnownFileType = sourcecode.swift; path = CommnetListApiAssembly.swift; sourceTree = "<group>"; };
		57217106237D3BE500F2D02D /* YoutubeDataApiClientAssembly.swift */ = {isa = PBXFileReference; lastKnownFileType = sourcecode.swift; path = YoutubeDataApiClientAssembly.swift; sourceTree = "<group>"; };
		57217108237D3C6B00F2D02D /* ChannelListApiAssembly.swift */ = {isa = PBXFileReference; lastKnownFileType = sourcecode.swift; path = ChannelListApiAssembly.swift; sourceTree = "<group>"; };
		5721710A237D3CEB00F2D02D /* VideoSearchApiAssembly.swift */ = {isa = PBXFileReference; lastKnownFileType = sourcecode.swift; path = VideoSearchApiAssembly.swift; sourceTree = "<group>"; };
		5721710C237D3D2200F2D02D /* VideoListApiAssembly.swift */ = {isa = PBXFileReference; lastKnownFileType = sourcecode.swift; path = VideoListApiAssembly.swift; sourceTree = "<group>"; };
		57217110237D3DA000F2D02D /* VideoViewModelAssembly.swift */ = {isa = PBXFileReference; lastKnownFileType = sourcecode.swift; path = VideoViewModelAssembly.swift; sourceTree = "<group>"; };
		57217112237D434800F2D02D /* SegmentSearchViewModelAssembly.swift */ = {isa = PBXFileReference; lastKnownFileType = sourcecode.swift; path = SegmentSearchViewModelAssembly.swift; sourceTree = "<group>"; };
		57217114237D4E6D00F2D02D /* VideoSearchViewModelAssembly.swift */ = {isa = PBXFileReference; lastKnownFileType = sourcecode.swift; path = VideoSearchViewModelAssembly.swift; sourceTree = "<group>"; };
		57217117237D50F100F2D02D /* HomeViewModelAssembly.swift */ = {isa = PBXFileReference; lastKnownFileType = sourcecode.swift; path = HomeViewModelAssembly.swift; sourceTree = "<group>"; };
		5721711A237D52AD00F2D02D /* Constant.swift */ = {isa = PBXFileReference; lastKnownFileType = sourcecode.swift; path = Constant.swift; sourceTree = "<group>"; };
		57C410C4236FFE0100748D16 /* ExReactive.swift */ = {isa = PBXFileReference; lastKnownFileType = sourcecode.swift; path = ExReactive.swift; sourceTree = "<group>"; };
		57C410CF23700AA800748D16 /* HomeViewModel.swift */ = {isa = PBXFileReference; lastKnownFileType = sourcecode.swift; path = HomeViewModel.swift; sourceTree = "<group>"; };
		57C410D123719DEA00748D16 /* VideoThumbnailCollectionViewCell.swift */ = {isa = PBXFileReference; lastKnownFileType = sourcecode.swift; path = VideoThumbnailCollectionViewCell.swift; sourceTree = "<group>"; };
		57C410D223719DEA00748D16 /* VideoThumbnailCollectionViewCell.xib */ = {isa = PBXFileReference; lastKnownFileType = file.xib; path = VideoThumbnailCollectionViewCell.xib; sourceTree = "<group>"; };
		57C6E6012377CA95003E3FC6 /* CategoryVideosViewController.swift */ = {isa = PBXFileReference; lastKnownFileType = sourcecode.swift; path = CategoryVideosViewController.swift; sourceTree = "<group>"; };
		57C6E6062377CE0D003E3FC6 /* VideoDefaultView.swift */ = {isa = PBXFileReference; lastKnownFileType = sourcecode.swift; path = VideoDefaultView.swift; sourceTree = "<group>"; };
		57C6E6082377CF07003E3FC6 /* VideoTableViewCell.swift */ = {isa = PBXFileReference; lastKnownFileType = sourcecode.swift; path = VideoTableViewCell.swift; sourceTree = "<group>"; };
		57C6E60A2377D29B003E3FC6 /* TableHeaderView.swift */ = {isa = PBXFileReference; lastKnownFileType = sourcecode.swift; path = TableHeaderView.swift; sourceTree = "<group>"; };
		57C6E60C2377D421003E3FC6 /* PaddingButton.swift */ = {isa = PBXFileReference; lastKnownFileType = sourcecode.swift; path = PaddingButton.swift; sourceTree = "<group>"; };
		57C6E6152377E1B6003E3FC6 /* CustomHeaderContainerView.swift */ = {isa = PBXFileReference; lastKnownFileType = sourcecode.swift; path = CustomHeaderContainerView.swift; sourceTree = "<group>"; };
		57C6E6172378197B003E3FC6 /* DefaultVideoCollectionCell.swift */ = {isa = PBXFileReference; lastKnownFileType = sourcecode.swift; path = DefaultVideoCollectionCell.swift; sourceTree = "<group>"; };
		57C6E61923782D60003E3FC6 /* CollectionContainerCell.swift */ = {isa = PBXFileReference; lastKnownFileType = sourcecode.swift; path = CollectionContainerCell.swift; sourceTree = "<group>"; };
		57C6E61B237859DF003E3FC6 /* CollectionWrapView.swift */ = {isa = PBXFileReference; lastKnownFileType = sourcecode.swift; path = CollectionWrapView.swift; sourceTree = "<group>"; };
		57C6E61D23785F2D003E3FC6 /* ViewController.swift */ = {isa = PBXFileReference; lastKnownFileType = sourcecode.swift; path = ViewController.swift; sourceTree = "<group>"; };
		57C6E61F23794675003E3FC6 /* VideoSearchViewModel.swift */ = {isa = PBXFileReference; lastKnownFileType = sourcecode.swift; path = VideoSearchViewModel.swift; sourceTree = "<group>"; };
		57C6E6212379490F003E3FC6 /* VideoSearchApi.swift */ = {isa = PBXFileReference; lastKnownFileType = sourcecode.swift; path = VideoSearchApi.swift; sourceTree = "<group>"; };
		57C6E623237B8E3F003E3FC6 /* ExCell.swift */ = {isa = PBXFileReference; lastKnownFileType = sourcecode.swift; path = ExCell.swift; sourceTree = "<group>"; };
		57C6E626237BA165003E3FC6 /* SegmentSearchViewController.swift */ = {isa = PBXFileReference; lastKnownFileType = sourcecode.swift; path = SegmentSearchViewController.swift; sourceTree = "<group>"; };
		57C6E628237BA173003E3FC6 /* SegmentSearchViewModel.swift */ = {isa = PBXFileReference; lastKnownFileType = sourcecode.swift; path = SegmentSearchViewModel.swift; sourceTree = "<group>"; };
		57C6E62A237BE031003E3FC6 /* ChannelListApi.swift */ = {isa = PBXFileReference; lastKnownFileType = sourcecode.swift; path = ChannelListApi.swift; sourceTree = "<group>"; };
		57C6E62C237CE7EA003E3FC6 /* VideoDetailViewController.swift */ = {isa = PBXFileReference; lastKnownFileType = sourcecode.swift; path = VideoDetailViewController.swift; sourceTree = "<group>"; };
		57E7834023756F62008F8C7A /* ExInt.swift */ = {isa = PBXFileReference; lastKnownFileType = sourcecode.swift; path = ExInt.swift; sourceTree = "<group>"; };
		57E78344237570BF008F8C7A /* VideoCollectionCell.swift */ = {isa = PBXFileReference; lastKnownFileType = sourcecode.swift; path = VideoCollectionCell.swift; sourceTree = "<group>"; };
		57E7834623757346008F8C7A /* VideoFooterView.swift */ = {isa = PBXFileReference; lastKnownFileType = sourcecode.swift; path = VideoFooterView.swift; sourceTree = "<group>"; };
		57E7834823757843008F8C7A /* ExString.swift */ = {isa = PBXFileReference; lastKnownFileType = sourcecode.swift; path = ExString.swift; sourceTree = "<group>"; };
		57E7834A23758839008F8C7A /* CollectionTableViewCell.swift */ = {isa = PBXFileReference; lastKnownFileType = sourcecode.swift; path = CollectionTableViewCell.swift; sourceTree = "<group>"; };
		57E7834C23759232008F8C7A /* CollectionHeaderView.swift */ = {isa = PBXFileReference; lastKnownFileType = sourcecode.swift; path = CollectionHeaderView.swift; sourceTree = "<group>"; };
		57E783532376F763008F8C7A /* PaddingLabel.swift */ = {isa = PBXFileReference; lastKnownFileType = sourcecode.swift; path = PaddingLabel.swift; sourceTree = "<group>"; };
		57E783552376FC35008F8C7A /* SubTitleLabel.swift */ = {isa = PBXFileReference; lastKnownFileType = sourcecode.swift; path = SubTitleLabel.swift; sourceTree = "<group>"; };
		57F996BF2369D179008AB6AA /* YoutubeLikeNetflix.app */ = {isa = PBXFileReference; explicitFileType = wrapper.application; includeInIndex = 0; path = YoutubeLikeNetflix.app; sourceTree = BUILT_PRODUCTS_DIR; };
		57F996C22369D179008AB6AA /* AppDelegate.swift */ = {isa = PBXFileReference; lastKnownFileType = sourcecode.swift; path = AppDelegate.swift; sourceTree = "<group>"; };
		57F996C42369D179008AB6AA /* SceneDelegate.swift */ = {isa = PBXFileReference; lastKnownFileType = sourcecode.swift; path = SceneDelegate.swift; sourceTree = "<group>"; };
		57F996C62369D179008AB6AA /* HomeViewController.swift */ = {isa = PBXFileReference; lastKnownFileType = sourcecode.swift; path = HomeViewController.swift; sourceTree = "<group>"; };
		57F996CB2369D17B008AB6AA /* Assets.xcassets */ = {isa = PBXFileReference; lastKnownFileType = folder.assetcatalog; path = Assets.xcassets; sourceTree = "<group>"; };
		57F996CE2369D17B008AB6AA /* Base */ = {isa = PBXFileReference; lastKnownFileType = file.storyboard; name = Base; path = Base.lproj/LaunchScreen.storyboard; sourceTree = "<group>"; };
		57F996D02369D17B008AB6AA /* Info.plist */ = {isa = PBXFileReference; lastKnownFileType = text.plist.xml; path = Info.plist; sourceTree = "<group>"; };
		57F996D52369D17B008AB6AA /* YoutubeLikeNetflixTests.xctest */ = {isa = PBXFileReference; explicitFileType = wrapper.cfbundle; includeInIndex = 0; path = YoutubeLikeNetflixTests.xctest; sourceTree = BUILT_PRODUCTS_DIR; };
		57F996D92369D17B008AB6AA /* YoutubeLikeNetflixTests.swift */ = {isa = PBXFileReference; lastKnownFileType = sourcecode.swift; path = YoutubeLikeNetflixTests.swift; sourceTree = "<group>"; };
		57F996DB2369D17B008AB6AA /* Info.plist */ = {isa = PBXFileReference; lastKnownFileType = text.plist.xml; path = Info.plist; sourceTree = "<group>"; };
		57F996E02369D17B008AB6AA /* YoutubeLikeNetflixUITests.xctest */ = {isa = PBXFileReference; explicitFileType = wrapper.cfbundle; includeInIndex = 0; path = YoutubeLikeNetflixUITests.xctest; sourceTree = BUILT_PRODUCTS_DIR; };
		57F996E42369D17B008AB6AA /* YoutubeLikeNetflixUITests.swift */ = {isa = PBXFileReference; lastKnownFileType = sourcecode.swift; path = YoutubeLikeNetflixUITests.swift; sourceTree = "<group>"; };
		57F996E62369D17B008AB6AA /* Info.plist */ = {isa = PBXFileReference; lastKnownFileType = text.plist.xml; path = Info.plist; sourceTree = "<group>"; };
		57F996F62369E6C7008AB6AA /* VideoSearchViewController.swift */ = {isa = PBXFileReference; lastKnownFileType = sourcecode.swift; path = VideoSearchViewController.swift; sourceTree = "<group>"; };
		57F9970C236B3034008AB6AA /* VideoCollectionTableViewCell.swift */ = {isa = PBXFileReference; lastKnownFileType = sourcecode.swift; path = VideoCollectionTableViewCell.swift; sourceTree = "<group>"; };
		57F9970D236B3034008AB6AA /* VideoCollectionTableViewCell.xib */ = {isa = PBXFileReference; lastKnownFileType = file.xib; path = VideoCollectionTableViewCell.xib; sourceTree = "<group>"; };
		63955F5B99255387C0B718E1 /* Pods-YoutubeLikeNetflix.debug.xcconfig */ = {isa = PBXFileReference; includeInIndex = 1; lastKnownFileType = text.xcconfig; name = "Pods-YoutubeLikeNetflix.debug.xcconfig"; path = "Target Support Files/Pods-YoutubeLikeNetflix/Pods-YoutubeLikeNetflix.debug.xcconfig"; sourceTree = "<group>"; };
		927702E39275A1366AC22929 /* Pods-YoutubeLikeNetflixUITests.debug.xcconfig */ = {isa = PBXFileReference; includeInIndex = 1; lastKnownFileType = text.xcconfig; name = "Pods-YoutubeLikeNetflixUITests.debug.xcconfig"; path = "Target Support Files/Pods-YoutubeLikeNetflixUITests/Pods-YoutubeLikeNetflixUITests.debug.xcconfig"; sourceTree = "<group>"; };
		9627E872D5F4DB4C21027F80 /* Pods-YoutubeLikeNetflix.release.xcconfig */ = {isa = PBXFileReference; includeInIndex = 1; lastKnownFileType = text.xcconfig; name = "Pods-YoutubeLikeNetflix.release.xcconfig"; path = "Target Support Files/Pods-YoutubeLikeNetflix/Pods-YoutubeLikeNetflix.release.xcconfig"; sourceTree = "<group>"; };
		A956BB89A362A16FDB71C12C /* Pods_YoutubeLikeNetflixTests.framework */ = {isa = PBXFileReference; explicitFileType = wrapper.framework; includeInIndex = 0; path = Pods_YoutubeLikeNetflixTests.framework; sourceTree = BUILT_PRODUCTS_DIR; };
		D4B0B13E7B277AA8C7CDED02 /* Pods-YoutubeLikeNetflixUITests.release.xcconfig */ = {isa = PBXFileReference; includeInIndex = 1; lastKnownFileType = text.xcconfig; name = "Pods-YoutubeLikeNetflixUITests.release.xcconfig"; path = "Target Support Files/Pods-YoutubeLikeNetflixUITests/Pods-YoutubeLikeNetflixUITests.release.xcconfig"; sourceTree = "<group>"; };
/* End PBXFileReference section */

/* Begin PBXFrameworksBuildPhase section */
		57F996BC2369D179008AB6AA /* Frameworks */ = {
			isa = PBXFrameworksBuildPhase;
			buildActionMask = 2147483647;
			files = (
				E54928EA1CD0FE051020649C /* Pods_YoutubeLikeNetflix.framework in Frameworks */,
			);
			runOnlyForDeploymentPostprocessing = 0;
		};
		57F996D22369D17B008AB6AA /* Frameworks */ = {
			isa = PBXFrameworksBuildPhase;
			buildActionMask = 2147483647;
			files = (
				E34D51C74598FD3FADE97DE2 /* Pods_YoutubeLikeNetflixTests.framework in Frameworks */,
			);
			runOnlyForDeploymentPostprocessing = 0;
		};
		57F996DD2369D17B008AB6AA /* Frameworks */ = {
			isa = PBXFrameworksBuildPhase;
			buildActionMask = 2147483647;
			files = (
				1D15F038955582395DF3972B /* Pods_YoutubeLikeNetflixUITests.framework in Frameworks */,
			);
			runOnlyForDeploymentPostprocessing = 0;
		};
/* End PBXFrameworksBuildPhase section */

/* Begin PBXGroup section */
		370C5D715367CE42C570B6F7 /* Frameworks */ = {
			isa = PBXGroup;
			children = (
				2622ABEAFA84394C6BFE69AE /* Pods_YoutubeLikeNetflix.framework */,
				A956BB89A362A16FDB71C12C /* Pods_YoutubeLikeNetflixTests.framework */,
				10B11FB9F47D1A99B8F0ADDF /* Pods_YoutubeLikeNetflixUITests.framework */,
			);
			name = Frameworks;
			sourceTree = "<group>";
		};
		5157311E608BD5D474F79C79 /* Pods */ = {
			isa = PBXGroup;
			children = (
				63955F5B99255387C0B718E1 /* Pods-YoutubeLikeNetflix.debug.xcconfig */,
				9627E872D5F4DB4C21027F80 /* Pods-YoutubeLikeNetflix.release.xcconfig */,
				116F11B14C653B1A7971AB21 /* Pods-YoutubeLikeNetflixTests.debug.xcconfig */,
				132703E439226C8E042C46BD /* Pods-YoutubeLikeNetflixTests.release.xcconfig */,
				927702E39275A1366AC22929 /* Pods-YoutubeLikeNetflixUITests.debug.xcconfig */,
				D4B0B13E7B277AA8C7CDED02 /* Pods-YoutubeLikeNetflixUITests.release.xcconfig */,
			);
			path = Pods;
			sourceTree = "<group>";
		};
		57155F43236D697A00B0A523 /* YoutubeDataAPI */ = {
			isa = PBXGroup;
			children = (
				57155F44236D69BB00B0A523 /* YoutubeDataApiClient.swift */,
				57217106237D3BE500F2D02D /* YoutubeDataApiClientAssembly.swift */,
				57155F66236DF5A900B0A523 /* CustomApi */,
			);
			path = YoutubeDataAPI;
			sourceTree = "<group>";
		};
		57155F46236D69FE00B0A523 /* Error */ = {
			isa = PBXGroup;
			children = (
				57155F59236DED3A00B0A523 /* ResponseError */,
			);
			name = Error;
			sourceTree = "<group>";
		};
		57155F59236DED3A00B0A523 /* ResponseError */ = {
			isa = PBXGroup;
			children = (
				57155F5A236DED5C00B0A523 /* ResponseError.swift */,
			);
			name = ResponseError;
			sourceTree = "<group>";
		};
		57155F60236DF0B900B0A523 /* Entity */ = {
			isa = PBXGroup;
			children = (
			);
			path = Entity;
			sourceTree = "<group>";
		};
		57155F66236DF5A900B0A523 /* CustomApi */ = {
			isa = PBXGroup;
			children = (
				57217103237D3B4300F2D02D /* CommentList */,
				57217102237D3B3D00F2D02D /* ChannelList */,
				57217101237D3B3600F2D02D /* VideoSearch */,
				57217100237D3B2C00F2D02D /* VideoList */,
			);
			path = CustomApi;
			sourceTree = "<group>";
		};
		57155F77236E0CF600B0A523 /* Component */ = {
			isa = PBXGroup;
			children = (
				57C6E60E2377D426003E3FC6 /* Button */,
				57C6E6052377CDFE003E3FC6 /* View */,
				57E783522376F74D008F8C7A /* Label */,
				57F996FD2369EEBB008AB6AA /* Cell */,
			);
			path = Component;
			sourceTree = "<group>";
		};
		57155F78236E0D1D00B0A523 /* Home */ = {
			isa = PBXGroup;
			children = (
				57F996C62369D179008AB6AA /* HomeViewController.swift */,
				57C410CF23700AA800748D16 /* HomeViewModel.swift */,
				57217117237D50F100F2D02D /* HomeViewModelAssembly.swift */,
			);
			path = Home;
			sourceTree = "<group>";
		};
		57155F79236E0D2800B0A523 /* Search */ = {
			isa = PBXGroup;
			children = (
				57F996F62369E6C7008AB6AA /* VideoSearchViewController.swift */,
				57C6E61F23794675003E3FC6 /* VideoSearchViewModel.swift */,
				57217114237D4E6D00F2D02D /* VideoSearchViewModelAssembly.swift */,
			);
			path = Search;
			sourceTree = "<group>";
		};
		57155F7A236E0D3000B0A523 /* VideoDetail */ = {
			isa = PBXGroup;
			children = (
				57C6E62C237CE7EA003E3FC6 /* VideoDetailViewController.swift */,
				572170FC237D2D5500F2D02D /* VideoDetailViewModel.swift */,
				57217110237D3DA000F2D02D /* VideoViewModelAssembly.swift */,
			);
			path = VideoDetail;
			sourceTree = "<group>";
		};
		572170F9237D261900F2D02D /* Xib */ = {
			isa = PBXGroup;
			children = (
				572170F7237D243200F2D02D /* VideoDescriptionView.xib */,
				572170F5237D1FFF00F2D02D /* VideoChannelView.xib */,
				572170F3237D1AF400F2D02D /* VideoCommentTitleView.xib */,
				572170F1237CEE8F00F2D02D /* VideoCommentView.xib */,
			);
			path = Xib;
			sourceTree = "<group>";
		};
		57217100237D3B2C00F2D02D /* VideoList */ = {
			isa = PBXGroup;
			children = (
				57155F64236DF53C00B0A523 /* VideoListApi.swift */,
				5721710C237D3D2200F2D02D /* VideoListApiAssembly.swift */,
			);
			path = VideoList;
			sourceTree = "<group>";
		};
		57217101237D3B3600F2D02D /* VideoSearch */ = {
			isa = PBXGroup;
			children = (
				57C6E6212379490F003E3FC6 /* VideoSearchApi.swift */,
				5721710A237D3CEB00F2D02D /* VideoSearchApiAssembly.swift */,
			);
			path = VideoSearch;
			sourceTree = "<group>";
		};
		57217102237D3B3D00F2D02D /* ChannelList */ = {
			isa = PBXGroup;
			children = (
				57C6E62A237BE031003E3FC6 /* ChannelListApi.swift */,
				57217108237D3C6B00F2D02D /* ChannelListApiAssembly.swift */,
			);
			path = ChannelList;
			sourceTree = "<group>";
		};
		57217103237D3B4300F2D02D /* CommentList */ = {
			isa = PBXGroup;
			children = (
				572170FE237D331100F2D02D /* CommentListApi.swift */,
				57217104237D3B7F00F2D02D /* CommnetListApiAssembly.swift */,
			);
			path = CommentList;
			sourceTree = "<group>";
		};
		57217116237D507000F2D02D /* App */ = {
			isa = PBXGroup;
			children = (
				57F996C22369D179008AB6AA /* AppDelegate.swift */,
				57F996C42369D179008AB6AA /* SceneDelegate.swift */,
			);
			path = App;
			sourceTree = "<group>";
		};
		57217119237D522800F2D02D /* Constant */ = {
			isa = PBXGroup;
			children = (
				5721711A237D52AD00F2D02D /* Constant.swift */,
			);
			path = Constant;
			sourceTree = "<group>";
		};
		57C410C3236FFDEB00748D16 /* Helper */ = {
			isa = PBXGroup;
			children = (
				57E783572376FFFC008F8C7A /* Extention */,
			);
			path = Helper;
			sourceTree = "<group>";
		};
		57C6E6002377CA65003E3FC6 /* CtegoryVideos */ = {
			isa = PBXGroup;
			children = (
				57C6E6012377CA95003E3FC6 /* CategoryVideosViewController.swift */,
			);
			path = CtegoryVideos;
			sourceTree = "<group>";
		};
		57C6E6052377CDFE003E3FC6 /* View */ = {
			isa = PBXGroup;
			children = (
				572170F9237D261900F2D02D /* Xib */,
				57C6E6062377CE0D003E3FC6 /* VideoDefaultView.swift */,
				572170FA237D283200F2D02D /* VideoPlayerView.swift */,
				572170EB237CEDFE00F2D02D /* VideoPlayerDefaultView.swift */,
				57C6E60A2377D29B003E3FC6 /* TableHeaderView.swift */,
				57C6E6152377E1B6003E3FC6 /* CustomHeaderContainerView.swift */,
				572170E1237CED5F00F2D02D /* VideoDetailFooterView.swift */,
				572170E9237CEDD300F2D02D /* VideoDescriptionView.swift */,
				572170E3237CED7E00F2D02D /* VideoChannleView.swift */,
				572170E7237CEDA700F2D02D /* VideoCommentTitleView.swift */,
				572170EF237CEE8100F2D02D /* VideoCommentView.swift */,
			);
			path = View;
			sourceTree = "<group>";
		};
		57C6E60E2377D426003E3FC6 /* Button */ = {
			isa = PBXGroup;
			children = (
				57C6E60C2377D421003E3FC6 /* PaddingButton.swift */,
			);
			path = Button;
			sourceTree = "<group>";
		};
		57C6E625237BA14E003E3FC6 /* SegmentSearch */ = {
			isa = PBXGroup;
			children = (
				57C6E626237BA165003E3FC6 /* SegmentSearchViewController.swift */,
				57C6E628237BA173003E3FC6 /* SegmentSearchViewModel.swift */,
				57217112237D434800F2D02D /* SegmentSearchViewModelAssembly.swift */,
			);
			path = SegmentSearch;
			sourceTree = "<group>";
		};
		57E783522376F74D008F8C7A /* Label */ = {
			isa = PBXGroup;
			children = (
				57E783532376F763008F8C7A /* PaddingLabel.swift */,
				57E783552376FC35008F8C7A /* SubTitleLabel.swift */,
			);
			path = Label;
			sourceTree = "<group>";
		};
		57E783572376FFFC008F8C7A /* Extention */ = {
			isa = PBXGroup;
			children = (
				57C410C4236FFE0100748D16 /* ExReactive.swift */,
				57E7834023756F62008F8C7A /* ExInt.swift */,
				57E7834823757843008F8C7A /* ExString.swift */,
				57C6E623237B8E3F003E3FC6 /* ExCell.swift */,
			);
			path = Extention;
			sourceTree = "<group>";
		};
		57F996B62369D179008AB6AA = {
			isa = PBXGroup;
			children = (
				57F996C12369D179008AB6AA /* YoutubeLikeNetflix */,
				57F996D82369D17B008AB6AA /* YoutubeLikeNetflixTests */,
				57F996E32369D17B008AB6AA /* YoutubeLikeNetflixUITests */,
				57F996C02369D179008AB6AA /* Products */,
				5157311E608BD5D474F79C79 /* Pods */,
				370C5D715367CE42C570B6F7 /* Frameworks */,
			);
			sourceTree = "<group>";
		};
		57F996C02369D179008AB6AA /* Products */ = {
			isa = PBXGroup;
			children = (
				57F996BF2369D179008AB6AA /* YoutubeLikeNetflix.app */,
				57F996D52369D17B008AB6AA /* YoutubeLikeNetflixTests.xctest */,
				57F996E02369D17B008AB6AA /* YoutubeLikeNetflixUITests.xctest */,
			);
			name = Products;
			sourceTree = "<group>";
		};
		57F996C12369D179008AB6AA /* YoutubeLikeNetflix */ = {
			isa = PBXGroup;
			children = (
				57C410C3236FFDEB00748D16 /* Helper */,
				57155F60236DF0B900B0A523 /* Entity */,
				57155F46236D69FE00B0A523 /* Error */,
				57155F43236D697A00B0A523 /* YoutubeDataAPI */,
				57F996FC2369EE96008AB6AA /* View */,
				57155F77236E0CF600B0A523 /* Component */,
				57217119237D522800F2D02D /* Constant */,
				57217116237D507000F2D02D /* App */,
				57F996CB2369D17B008AB6AA /* Assets.xcassets */,
				57155F53236D893100B0A523 /* Main.storyboard */,
				57F996CD2369D17B008AB6AA /* LaunchScreen.storyboard */,
				57F996D02369D17B008AB6AA /* Info.plist */,
			);
			path = YoutubeLikeNetflix;
			sourceTree = "<group>";
		};
		57F996D82369D17B008AB6AA /* YoutubeLikeNetflixTests */ = {
			isa = PBXGroup;
			children = (
				57F996D92369D17B008AB6AA /* YoutubeLikeNetflixTests.swift */,
				57F996DB2369D17B008AB6AA /* Info.plist */,
			);
			path = YoutubeLikeNetflixTests;
			sourceTree = "<group>";
		};
		57F996E32369D17B008AB6AA /* YoutubeLikeNetflixUITests */ = {
			isa = PBXGroup;
			children = (
				57F996E42369D17B008AB6AA /* YoutubeLikeNetflixUITests.swift */,
				57F996E62369D17B008AB6AA /* Info.plist */,
			);
			path = YoutubeLikeNetflixUITests;
			sourceTree = "<group>";
		};
		57F996FC2369EE96008AB6AA /* View */ = {
			isa = PBXGroup;
			children = (
				57155F7A236E0D3000B0A523 /* VideoDetail */,
				57C6E625237BA14E003E3FC6 /* SegmentSearch */,
				57155F79236E0D2800B0A523 /* Search */,
				57155F78236E0D1D00B0A523 /* Home */,
				57C6E6002377CA65003E3FC6 /* CtegoryVideos */,
			);
			path = View;
			sourceTree = "<group>";
		};
		57F996FD2369EEBB008AB6AA /* Cell */ = {
			isa = PBXGroup;
			children = (
				57F99707236AE3CF008AB6AA /* Table */,
				57F99706236AE3C5008AB6AA /* Collection */,
				57C6E6082377CF07003E3FC6 /* VideoTableViewCell.swift */,
				57C6E61923782D60003E3FC6 /* CollectionContainerCell.swift */,
				57C6E61D23785F2D003E3FC6 /* ViewController.swift */,
				57C6E6172378197B003E3FC6 /* DefaultVideoCollectionCell.swift */,
				57C6E61B237859DF003E3FC6 /* CollectionWrapView.swift */,
			);
			path = Cell;
			sourceTree = "<group>";
		};
		57F99706236AE3C5008AB6AA /* Collection */ = {
			isa = PBXGroup;
			children = (
				57155F7F236E199D00B0A523 /* VideoCell.swift */,
				57C410D123719DEA00748D16 /* VideoThumbnailCollectionViewCell.swift */,
				57C410D223719DEA00748D16 /* VideoThumbnailCollectionViewCell.xib */,
				57E78344237570BF008F8C7A /* VideoCollectionCell.swift */,
				57E7834623757346008F8C7A /* VideoFooterView.swift */,
				57E7834C23759232008F8C7A /* CollectionHeaderView.swift */,
			);
			path = Collection;
			sourceTree = "<group>";
		};
		57F99707236AE3CF008AB6AA /* Table */ = {
			isa = PBXGroup;
			children = (
				57F99711236B33EC008AB6AA /* VideoCollectionTableViewCell */,
			);
			path = Table;
			sourceTree = "<group>";
		};
		57F99711236B33EC008AB6AA /* VideoCollectionTableViewCell */ = {
			isa = PBXGroup;
			children = (
				57F9970C236B3034008AB6AA /* VideoCollectionTableViewCell.swift */,
				57F9970D236B3034008AB6AA /* VideoCollectionTableViewCell.xib */,
				57E7834A23758839008F8C7A /* CollectionTableViewCell.swift */,
			);
			path = VideoCollectionTableViewCell;
			sourceTree = "<group>";
		};
/* End PBXGroup section */

/* Begin PBXNativeTarget section */
		57F996BE2369D179008AB6AA /* YoutubeLikeNetflix */ = {
			isa = PBXNativeTarget;
			buildConfigurationList = 57F996E92369D17B008AB6AA /* Build configuration list for PBXNativeTarget "YoutubeLikeNetflix" */;
			buildPhases = (
				A011DC3DD357C56638451BBC /* [CP] Check Pods Manifest.lock */,
				57F996BB2369D179008AB6AA /* Sources */,
				57F996BC2369D179008AB6AA /* Frameworks */,
				57F996BD2369D179008AB6AA /* Resources */,
				5560FA1067B3EC2F43262086 /* [CP] Embed Pods Frameworks */,
			);
			buildRules = (
			);
			dependencies = (
			);
			name = YoutubeLikeNetflix;
			productName = YoutubeLikeNetflix;
			productReference = 57F996BF2369D179008AB6AA /* YoutubeLikeNetflix.app */;
			productType = "com.apple.product-type.application";
		};
		57F996D42369D17B008AB6AA /* YoutubeLikeNetflixTests */ = {
			isa = PBXNativeTarget;
			buildConfigurationList = 57F996EC2369D17B008AB6AA /* Build configuration list for PBXNativeTarget "YoutubeLikeNetflixTests" */;
			buildPhases = (
				B137D2428C0FCA7E4193E059 /* [CP] Check Pods Manifest.lock */,
				57F996D12369D17B008AB6AA /* Sources */,
				57F996D22369D17B008AB6AA /* Frameworks */,
				57F996D32369D17B008AB6AA /* Resources */,
			);
			buildRules = (
			);
			dependencies = (
				57F996D72369D17B008AB6AA /* PBXTargetDependency */,
			);
			name = YoutubeLikeNetflixTests;
			productName = YoutubeLikeNetflixTests;
			productReference = 57F996D52369D17B008AB6AA /* YoutubeLikeNetflixTests.xctest */;
			productType = "com.apple.product-type.bundle.unit-test";
		};
		57F996DF2369D17B008AB6AA /* YoutubeLikeNetflixUITests */ = {
			isa = PBXNativeTarget;
			buildConfigurationList = 57F996EF2369D17B008AB6AA /* Build configuration list for PBXNativeTarget "YoutubeLikeNetflixUITests" */;
			buildPhases = (
				A7432FCCA20AB8E59DFD35B7 /* [CP] Check Pods Manifest.lock */,
				57F996DC2369D17B008AB6AA /* Sources */,
				57F996DD2369D17B008AB6AA /* Frameworks */,
				57F996DE2369D17B008AB6AA /* Resources */,
			);
			buildRules = (
			);
			dependencies = (
				57F996E22369D17B008AB6AA /* PBXTargetDependency */,
			);
			name = YoutubeLikeNetflixUITests;
			productName = YoutubeLikeNetflixUITests;
			productReference = 57F996E02369D17B008AB6AA /* YoutubeLikeNetflixUITests.xctest */;
			productType = "com.apple.product-type.bundle.ui-testing";
		};
/* End PBXNativeTarget section */

/* Begin PBXProject section */
		57F996B72369D179008AB6AA /* Project object */ = {
			isa = PBXProject;
			attributes = {
				LastSwiftUpdateCheck = 1110;
				LastUpgradeCheck = 1110;
				ORGANIZATIONNAME = tomoya.suzuki;
				TargetAttributes = {
					57F996BE2369D179008AB6AA = {
						CreatedOnToolsVersion = 11.1;
					};
					57F996D42369D17B008AB6AA = {
						CreatedOnToolsVersion = 11.1;
						TestTargetID = 57F996BE2369D179008AB6AA;
					};
					57F996DF2369D17B008AB6AA = {
						CreatedOnToolsVersion = 11.1;
						TestTargetID = 57F996BE2369D179008AB6AA;
					};
				};
			};
			buildConfigurationList = 57F996BA2369D179008AB6AA /* Build configuration list for PBXProject "YoutubeLikeNetflix" */;
			compatibilityVersion = "Xcode 9.3";
			developmentRegion = en;
			hasScannedForEncodings = 0;
			knownRegions = (
				en,
				Base,
			);
			mainGroup = 57F996B62369D179008AB6AA;
			productRefGroup = 57F996C02369D179008AB6AA /* Products */;
			projectDirPath = "";
			projectRoot = "";
			targets = (
				57F996BE2369D179008AB6AA /* YoutubeLikeNetflix */,
				57F996D42369D17B008AB6AA /* YoutubeLikeNetflixTests */,
				57F996DF2369D17B008AB6AA /* YoutubeLikeNetflixUITests */,
			);
		};
/* End PBXProject section */

/* Begin PBXResourcesBuildPhase section */
		57F996BD2369D179008AB6AA /* Resources */ = {
			isa = PBXResourcesBuildPhase;
			buildActionMask = 2147483647;
			files = (
				572170F6237D1FFF00F2D02D /* VideoChannelView.xib in Resources */,
				57F996CF2369D17B008AB6AA /* LaunchScreen.storyboard in Resources */,
				57155F55236D893100B0A523 /* Main.storyboard in Resources */,
				572170F2237CEE9000F2D02D /* VideoCommentView.xib in Resources */,
				57F996CC2369D17B008AB6AA /* Assets.xcassets in Resources */,
				572170F8237D243300F2D02D /* VideoDescriptionView.xib in Resources */,
				57F9970F236B3034008AB6AA /* VideoCollectionTableViewCell.xib in Resources */,
				572170F4237D1AF400F2D02D /* VideoCommentTitleView.xib in Resources */,
				57C410D423719DEA00748D16 /* VideoThumbnailCollectionViewCell.xib in Resources */,
			);
			runOnlyForDeploymentPostprocessing = 0;
		};
		57F996D32369D17B008AB6AA /* Resources */ = {
			isa = PBXResourcesBuildPhase;
			buildActionMask = 2147483647;
			files = (
			);
			runOnlyForDeploymentPostprocessing = 0;
		};
		57F996DE2369D17B008AB6AA /* Resources */ = {
			isa = PBXResourcesBuildPhase;
			buildActionMask = 2147483647;
			files = (
			);
			runOnlyForDeploymentPostprocessing = 0;
		};
/* End PBXResourcesBuildPhase section */

/* Begin PBXShellScriptBuildPhase section */
		5560FA1067B3EC2F43262086 /* [CP] Embed Pods Frameworks */ = {
			isa = PBXShellScriptBuildPhase;
			buildActionMask = 2147483647;
			files = (
			);
			inputFileListPaths = (
				"${PODS_ROOT}/Target Support Files/Pods-YoutubeLikeNetflix/Pods-YoutubeLikeNetflix-frameworks-${CONFIGURATION}-input-files.xcfilelist",
			);
			name = "[CP] Embed Pods Frameworks";
			outputFileListPaths = (
				"${PODS_ROOT}/Target Support Files/Pods-YoutubeLikeNetflix/Pods-YoutubeLikeNetflix-frameworks-${CONFIGURATION}-output-files.xcfilelist",
			);
			runOnlyForDeploymentPostprocessing = 0;
			shellPath = /bin/sh;
			shellScript = "\"${PODS_ROOT}/Target Support Files/Pods-YoutubeLikeNetflix/Pods-YoutubeLikeNetflix-frameworks.sh\"\n";
			showEnvVarsInLog = 0;
		};
		A011DC3DD357C56638451BBC /* [CP] Check Pods Manifest.lock */ = {
			isa = PBXShellScriptBuildPhase;
			buildActionMask = 2147483647;
			files = (
			);
			inputFileListPaths = (
			);
			inputPaths = (
				"${PODS_PODFILE_DIR_PATH}/Podfile.lock",
				"${PODS_ROOT}/Manifest.lock",
			);
			name = "[CP] Check Pods Manifest.lock";
			outputFileListPaths = (
			);
			outputPaths = (
				"$(DERIVED_FILE_DIR)/Pods-YoutubeLikeNetflix-checkManifestLockResult.txt",
			);
			runOnlyForDeploymentPostprocessing = 0;
			shellPath = /bin/sh;
			shellScript = "diff \"${PODS_PODFILE_DIR_PATH}/Podfile.lock\" \"${PODS_ROOT}/Manifest.lock\" > /dev/null\nif [ $? != 0 ] ; then\n    # print error to STDERR\n    echo \"error: The sandbox is not in sync with the Podfile.lock. Run 'pod install' or update your CocoaPods installation.\" >&2\n    exit 1\nfi\n# This output is used by Xcode 'outputs' to avoid re-running this script phase.\necho \"SUCCESS\" > \"${SCRIPT_OUTPUT_FILE_0}\"\n";
			showEnvVarsInLog = 0;
		};
		A7432FCCA20AB8E59DFD35B7 /* [CP] Check Pods Manifest.lock */ = {
			isa = PBXShellScriptBuildPhase;
			buildActionMask = 2147483647;
			files = (
			);
			inputFileListPaths = (
			);
			inputPaths = (
				"${PODS_PODFILE_DIR_PATH}/Podfile.lock",
				"${PODS_ROOT}/Manifest.lock",
			);
			name = "[CP] Check Pods Manifest.lock";
			outputFileListPaths = (
			);
			outputPaths = (
				"$(DERIVED_FILE_DIR)/Pods-YoutubeLikeNetflixUITests-checkManifestLockResult.txt",
			);
			runOnlyForDeploymentPostprocessing = 0;
			shellPath = /bin/sh;
			shellScript = "diff \"${PODS_PODFILE_DIR_PATH}/Podfile.lock\" \"${PODS_ROOT}/Manifest.lock\" > /dev/null\nif [ $? != 0 ] ; then\n    # print error to STDERR\n    echo \"error: The sandbox is not in sync with the Podfile.lock. Run 'pod install' or update your CocoaPods installation.\" >&2\n    exit 1\nfi\n# This output is used by Xcode 'outputs' to avoid re-running this script phase.\necho \"SUCCESS\" > \"${SCRIPT_OUTPUT_FILE_0}\"\n";
			showEnvVarsInLog = 0;
		};
		B137D2428C0FCA7E4193E059 /* [CP] Check Pods Manifest.lock */ = {
			isa = PBXShellScriptBuildPhase;
			buildActionMask = 2147483647;
			files = (
			);
			inputFileListPaths = (
			);
			inputPaths = (
				"${PODS_PODFILE_DIR_PATH}/Podfile.lock",
				"${PODS_ROOT}/Manifest.lock",
			);
			name = "[CP] Check Pods Manifest.lock";
			outputFileListPaths = (
			);
			outputPaths = (
				"$(DERIVED_FILE_DIR)/Pods-YoutubeLikeNetflixTests-checkManifestLockResult.txt",
			);
			runOnlyForDeploymentPostprocessing = 0;
			shellPath = /bin/sh;
			shellScript = "diff \"${PODS_PODFILE_DIR_PATH}/Podfile.lock\" \"${PODS_ROOT}/Manifest.lock\" > /dev/null\nif [ $? != 0 ] ; then\n    # print error to STDERR\n    echo \"error: The sandbox is not in sync with the Podfile.lock. Run 'pod install' or update your CocoaPods installation.\" >&2\n    exit 1\nfi\n# This output is used by Xcode 'outputs' to avoid re-running this script phase.\necho \"SUCCESS\" > \"${SCRIPT_OUTPUT_FILE_0}\"\n";
			showEnvVarsInLog = 0;
		};
/* End PBXShellScriptBuildPhase section */

/* Begin PBXSourcesBuildPhase section */
		57F996BB2369D179008AB6AA /* Sources */ = {
			isa = PBXSourcesBuildPhase;
			buildActionMask = 2147483647;
			files = (
				57F996F72369E6C7008AB6AA /* VideoSearchViewController.swift in Sources */,
				57E7834123756F62008F8C7A /* ExInt.swift in Sources */,
				57C6E62023794675003E3FC6 /* VideoSearchViewModel.swift in Sources */,
				572170FD237D2D5500F2D02D /* VideoDetailViewModel.swift in Sources */,
				57155F45236D69BB00B0A523 /* YoutubeDataApiClient.swift in Sources */,
				57C6E6092377CF07003E3FC6 /* VideoTableViewCell.swift in Sources */,
				57F996C72369D179008AB6AA /* HomeViewController.swift in Sources */,
				57217105237D3B7F00F2D02D /* CommnetListApiAssembly.swift in Sources */,
				57E7834D23759233008F8C7A /* CollectionHeaderView.swift in Sources */,
				57C6E6072377CE0D003E3FC6 /* VideoDefaultView.swift in Sources */,
				57E783542376F763008F8C7A /* PaddingLabel.swift in Sources */,
				57217113237D434800F2D02D /* SegmentSearchViewModelAssembly.swift in Sources */,
				57C410D323719DEA00748D16 /* VideoThumbnailCollectionViewCell.swift in Sources */,
				57217118237D50F100F2D02D /* HomeViewModelAssembly.swift in Sources */,
				57E7834723757346008F8C7A /* VideoFooterView.swift in Sources */,
				57C6E62B237BE031003E3FC6 /* ChannelListApi.swift in Sources */,
				57155F65236DF53C00B0A523 /* VideoListApi.swift in Sources */,
				57E7834B23758839008F8C7A /* CollectionTableViewCell.swift in Sources */,
				57217107237D3BE500F2D02D /* YoutubeDataApiClientAssembly.swift in Sources */,
				572170FF237D331100F2D02D /* CommentListApi.swift in Sources */,
				57C6E61C237859DF003E3FC6 /* CollectionWrapView.swift in Sources */,
				57E78345237570BF008F8C7A /* VideoCollectionCell.swift in Sources */,
				57C6E627237BA165003E3FC6 /* SegmentSearchViewController.swift in Sources */,
				572170F0237CEE8100F2D02D /* VideoCommentView.swift in Sources */,
				57C6E6022377CA95003E3FC6 /* CategoryVideosViewController.swift in Sources */,
				57C6E6162377E1B6003E3FC6 /* CustomHeaderContainerView.swift in Sources */,
				57C6E61E23785F2D003E3FC6 /* ViewController.swift in Sources */,
				57E7834923757843008F8C7A /* ExString.swift in Sources */,
				57217115237D4E6D00F2D02D /* VideoSearchViewModelAssembly.swift in Sources */,
				57C6E61A23782D60003E3FC6 /* CollectionContainerCell.swift in Sources */,
				5721710D237D3D2200F2D02D /* VideoListApiAssembly.swift in Sources */,
				572170EA237CEDD300F2D02D /* VideoDescriptionView.swift in Sources */,
				572170E4237CED7E00F2D02D /* VideoChannleView.swift in Sources */,
				572170E8237CEDA700F2D02D /* VideoCommentTitleView.swift in Sources */,
				57F996C32369D179008AB6AA /* AppDelegate.swift in Sources */,
				5721711B237D52AD00F2D02D /* Constant.swift in Sources */,
				57C6E6182378197B003E3FC6 /* DefaultVideoCollectionCell.swift in Sources */,
				572170EC237CEDFE00F2D02D /* VideoPlayerDefaultView.swift in Sources */,
				57C6E624237B8E3F003E3FC6 /* ExCell.swift in Sources */,
				57C6E60D2377D421003E3FC6 /* PaddingButton.swift in Sources */,
				57217109237D3C6B00F2D02D /* ChannelListApiAssembly.swift in Sources */,
				57155F80236E199D00B0A523 /* VideoCell.swift in Sources */,
				57C6E629237BA173003E3FC6 /* SegmentSearchViewModel.swift in Sources */,
				57C6E6222379490F003E3FC6 /* VideoSearchApi.swift in Sources */,
				57F9970E236B3034008AB6AA /* VideoCollectionTableViewCell.swift in Sources */,
				57C410C5236FFE0100748D16 /* ExReactive.swift in Sources */,
				57E783562376FC35008F8C7A /* SubTitleLabel.swift in Sources */,
				572170E2237CED5F00F2D02D /* VideoDetailFooterView.swift in Sources */,
				57C6E60B2377D29B003E3FC6 /* TableHeaderView.swift in Sources */,
				57155F5B236DED5C00B0A523 /* ResponseError.swift in Sources */,
				5721710B237D3CEB00F2D02D /* VideoSearchApiAssembly.swift in Sources */,
				57217111237D3DA000F2D02D /* VideoViewModelAssembly.swift in Sources */,
				57C410D023700AA800748D16 /* HomeViewModel.swift in Sources */,
				57F996C52369D179008AB6AA /* SceneDelegate.swift in Sources */,
				57C6E62D237CE7EB003E3FC6 /* VideoDetailViewController.swift in Sources */,
				572170FB237D283200F2D02D /* VideoPlayerView.swift in Sources */,
			);
			runOnlyForDeploymentPostprocessing = 0;
		};
		57F996D12369D17B008AB6AA /* Sources */ = {
			isa = PBXSourcesBuildPhase;
			buildActionMask = 2147483647;
			files = (
				57F996DA2369D17B008AB6AA /* YoutubeLikeNetflixTests.swift in Sources */,
			);
			runOnlyForDeploymentPostprocessing = 0;
		};
		57F996DC2369D17B008AB6AA /* Sources */ = {
			isa = PBXSourcesBuildPhase;
			buildActionMask = 2147483647;
			files = (
				57F996E52369D17B008AB6AA /* YoutubeLikeNetflixUITests.swift in Sources */,
			);
			runOnlyForDeploymentPostprocessing = 0;
		};
/* End PBXSourcesBuildPhase section */

/* Begin PBXTargetDependency section */
		57F996D72369D17B008AB6AA /* PBXTargetDependency */ = {
			isa = PBXTargetDependency;
			target = 57F996BE2369D179008AB6AA /* YoutubeLikeNetflix */;
			targetProxy = 57F996D62369D17B008AB6AA /* PBXContainerItemProxy */;
		};
		57F996E22369D17B008AB6AA /* PBXTargetDependency */ = {
			isa = PBXTargetDependency;
			target = 57F996BE2369D179008AB6AA /* YoutubeLikeNetflix */;
			targetProxy = 57F996E12369D17B008AB6AA /* PBXContainerItemProxy */;
		};
/* End PBXTargetDependency section */

/* Begin PBXVariantGroup section */
		57155F53236D893100B0A523 /* Main.storyboard */ = {
			isa = PBXVariantGroup;
			children = (
				57155F54236D893100B0A523 /* Base */,
			);
			name = Main.storyboard;
			sourceTree = "<group>";
		};
		57F996CD2369D17B008AB6AA /* LaunchScreen.storyboard */ = {
			isa = PBXVariantGroup;
			children = (
				57F996CE2369D17B008AB6AA /* Base */,
			);
			name = LaunchScreen.storyboard;
			sourceTree = "<group>";
		};
/* End PBXVariantGroup section */

/* Begin XCBuildConfiguration section */
		57F996E72369D17B008AB6AA /* Debug */ = {
			isa = XCBuildConfiguration;
			buildSettings = {
				ALWAYS_SEARCH_USER_PATHS = NO;
				CLANG_ANALYZER_NONNULL = YES;
				CLANG_ANALYZER_NUMBER_OBJECT_CONVERSION = YES_AGGRESSIVE;
				CLANG_CXX_LANGUAGE_STANDARD = "gnu++14";
				CLANG_CXX_LIBRARY = "libc++";
				CLANG_ENABLE_MODULES = YES;
				CLANG_ENABLE_OBJC_ARC = YES;
				CLANG_ENABLE_OBJC_WEAK = YES;
				CLANG_WARN_BLOCK_CAPTURE_AUTORELEASING = YES;
				CLANG_WARN_BOOL_CONVERSION = YES;
				CLANG_WARN_COMMA = YES;
				CLANG_WARN_CONSTANT_CONVERSION = YES;
				CLANG_WARN_DEPRECATED_OBJC_IMPLEMENTATIONS = YES;
				CLANG_WARN_DIRECT_OBJC_ISA_USAGE = YES_ERROR;
				CLANG_WARN_DOCUMENTATION_COMMENTS = YES;
				CLANG_WARN_EMPTY_BODY = YES;
				CLANG_WARN_ENUM_CONVERSION = YES;
				CLANG_WARN_INFINITE_RECURSION = YES;
				CLANG_WARN_INT_CONVERSION = YES;
				CLANG_WARN_NON_LITERAL_NULL_CONVERSION = YES;
				CLANG_WARN_OBJC_IMPLICIT_RETAIN_SELF = YES;
				CLANG_WARN_OBJC_LITERAL_CONVERSION = YES;
				CLANG_WARN_OBJC_ROOT_CLASS = YES_ERROR;
				CLANG_WARN_RANGE_LOOP_ANALYSIS = YES;
				CLANG_WARN_STRICT_PROTOTYPES = YES;
				CLANG_WARN_SUSPICIOUS_MOVE = YES;
				CLANG_WARN_UNGUARDED_AVAILABILITY = YES_AGGRESSIVE;
				CLANG_WARN_UNREACHABLE_CODE = YES;
				CLANG_WARN__DUPLICATE_METHOD_MATCH = YES;
				COPY_PHASE_STRIP = NO;
				DEBUG_INFORMATION_FORMAT = dwarf;
				ENABLE_STRICT_OBJC_MSGSEND = YES;
				ENABLE_TESTABILITY = YES;
				GCC_C_LANGUAGE_STANDARD = gnu11;
				GCC_DYNAMIC_NO_PIC = NO;
				GCC_NO_COMMON_BLOCKS = YES;
				GCC_OPTIMIZATION_LEVEL = 0;
				GCC_PREPROCESSOR_DEFINITIONS = (
					"DEBUG=1",
					"$(inherited)",
				);
				GCC_WARN_64_TO_32_BIT_CONVERSION = YES;
				GCC_WARN_ABOUT_RETURN_TYPE = YES_ERROR;
				GCC_WARN_UNDECLARED_SELECTOR = YES;
				GCC_WARN_UNINITIALIZED_AUTOS = YES_AGGRESSIVE;
				GCC_WARN_UNUSED_FUNCTION = YES;
				GCC_WARN_UNUSED_VARIABLE = YES;
				IPHONEOS_DEPLOYMENT_TARGET = 13.1;
				MTL_ENABLE_DEBUG_INFO = INCLUDE_SOURCE;
				MTL_FAST_MATH = YES;
				ONLY_ACTIVE_ARCH = YES;
				SDKROOT = iphoneos;
				SWIFT_ACTIVE_COMPILATION_CONDITIONS = DEBUG;
				SWIFT_OPTIMIZATION_LEVEL = "-Onone";
			};
			name = Debug;
		};
		57F996E82369D17B008AB6AA /* Release */ = {
			isa = XCBuildConfiguration;
			buildSettings = {
				ALWAYS_SEARCH_USER_PATHS = NO;
				CLANG_ANALYZER_NONNULL = YES;
				CLANG_ANALYZER_NUMBER_OBJECT_CONVERSION = YES_AGGRESSIVE;
				CLANG_CXX_LANGUAGE_STANDARD = "gnu++14";
				CLANG_CXX_LIBRARY = "libc++";
				CLANG_ENABLE_MODULES = YES;
				CLANG_ENABLE_OBJC_ARC = YES;
				CLANG_ENABLE_OBJC_WEAK = YES;
				CLANG_WARN_BLOCK_CAPTURE_AUTORELEASING = YES;
				CLANG_WARN_BOOL_CONVERSION = YES;
				CLANG_WARN_COMMA = YES;
				CLANG_WARN_CONSTANT_CONVERSION = YES;
				CLANG_WARN_DEPRECATED_OBJC_IMPLEMENTATIONS = YES;
				CLANG_WARN_DIRECT_OBJC_ISA_USAGE = YES_ERROR;
				CLANG_WARN_DOCUMENTATION_COMMENTS = YES;
				CLANG_WARN_EMPTY_BODY = YES;
				CLANG_WARN_ENUM_CONVERSION = YES;
				CLANG_WARN_INFINITE_RECURSION = YES;
				CLANG_WARN_INT_CONVERSION = YES;
				CLANG_WARN_NON_LITERAL_NULL_CONVERSION = YES;
				CLANG_WARN_OBJC_IMPLICIT_RETAIN_SELF = YES;
				CLANG_WARN_OBJC_LITERAL_CONVERSION = YES;
				CLANG_WARN_OBJC_ROOT_CLASS = YES_ERROR;
				CLANG_WARN_RANGE_LOOP_ANALYSIS = YES;
				CLANG_WARN_STRICT_PROTOTYPES = YES;
				CLANG_WARN_SUSPICIOUS_MOVE = YES;
				CLANG_WARN_UNGUARDED_AVAILABILITY = YES_AGGRESSIVE;
				CLANG_WARN_UNREACHABLE_CODE = YES;
				CLANG_WARN__DUPLICATE_METHOD_MATCH = YES;
				COPY_PHASE_STRIP = NO;
				DEBUG_INFORMATION_FORMAT = "dwarf-with-dsym";
				ENABLE_NS_ASSERTIONS = NO;
				ENABLE_STRICT_OBJC_MSGSEND = YES;
				GCC_C_LANGUAGE_STANDARD = gnu11;
				GCC_NO_COMMON_BLOCKS = YES;
				GCC_WARN_64_TO_32_BIT_CONVERSION = YES;
				GCC_WARN_ABOUT_RETURN_TYPE = YES_ERROR;
				GCC_WARN_UNDECLARED_SELECTOR = YES;
				GCC_WARN_UNINITIALIZED_AUTOS = YES_AGGRESSIVE;
				GCC_WARN_UNUSED_FUNCTION = YES;
				GCC_WARN_UNUSED_VARIABLE = YES;
				IPHONEOS_DEPLOYMENT_TARGET = 13.1;
				MTL_ENABLE_DEBUG_INFO = NO;
				MTL_FAST_MATH = YES;
				SDKROOT = iphoneos;
				SWIFT_COMPILATION_MODE = wholemodule;
				SWIFT_OPTIMIZATION_LEVEL = "-O";
				VALIDATE_PRODUCT = YES;
			};
			name = Release;
		};
		57F996EA2369D17B008AB6AA /* Debug */ = {
			isa = XCBuildConfiguration;
			baseConfigurationReference = 63955F5B99255387C0B718E1 /* Pods-YoutubeLikeNetflix.debug.xcconfig */;
			buildSettings = {
				ASSETCATALOG_COMPILER_APPICON_NAME = AppIcon;
				CODE_SIGN_STYLE = Automatic;
				DEVELOPMENT_TEAM = GU9D57Q492;
				INFOPLIST_FILE = YoutubeLikeNetflix/Info.plist;
				LD_RUNPATH_SEARCH_PATHS = (
					"$(inherited)",
					"@executable_path/Frameworks",
				);
				PRODUCT_BUNDLE_IDENTIFIER = jp.tomoya.suzuki.YoutubeLikeNetflix;
				PRODUCT_NAME = "$(TARGET_NAME)";
				SWIFT_VERSION = 5.0;
				TARGETED_DEVICE_FAMILY = "1,2";
			};
			name = Debug;
		};
		57F996EB2369D17B008AB6AA /* Release */ = {
			isa = XCBuildConfiguration;
			baseConfigurationReference = 9627E872D5F4DB4C21027F80 /* Pods-YoutubeLikeNetflix.release.xcconfig */;
			buildSettings = {
				ASSETCATALOG_COMPILER_APPICON_NAME = AppIcon;
				CODE_SIGN_STYLE = Automatic;
				DEVELOPMENT_TEAM = GU9D57Q492;
				INFOPLIST_FILE = YoutubeLikeNetflix/Info.plist;
				LD_RUNPATH_SEARCH_PATHS = (
					"$(inherited)",
					"@executable_path/Frameworks",
				);
				PRODUCT_BUNDLE_IDENTIFIER = jp.tomoya.suzuki.YoutubeLikeNetflix;
				PRODUCT_NAME = "$(TARGET_NAME)";
				SWIFT_VERSION = 5.0;
				TARGETED_DEVICE_FAMILY = "1,2";
			};
			name = Release;
		};
		57F996ED2369D17B008AB6AA /* Debug */ = {
			isa = XCBuildConfiguration;
			baseConfigurationReference = 116F11B14C653B1A7971AB21 /* Pods-YoutubeLikeNetflixTests.debug.xcconfig */;
			buildSettings = {
				ALWAYS_EMBED_SWIFT_STANDARD_LIBRARIES = YES;
				BUNDLE_LOADER = "$(TEST_HOST)";
				CODE_SIGN_STYLE = Automatic;
				DEVELOPMENT_TEAM = GU9D57Q492;
				INFOPLIST_FILE = YoutubeLikeNetflixTests/Info.plist;
				IPHONEOS_DEPLOYMENT_TARGET = 13.1;
				LD_RUNPATH_SEARCH_PATHS = (
					"$(inherited)",
					"@executable_path/Frameworks",
					"@loader_path/Frameworks",
				);
				PRODUCT_BUNDLE_IDENTIFIER = jp.tomoya.suzuki.YoutubeLikeNetflixTests;
				PRODUCT_NAME = "$(TARGET_NAME)";
				SWIFT_VERSION = 5.0;
				TARGETED_DEVICE_FAMILY = "1,2";
				TEST_HOST = "$(BUILT_PRODUCTS_DIR)/YoutubeLikeNetflix.app/YoutubeLikeNetflix";
			};
			name = Debug;
		};
		57F996EE2369D17B008AB6AA /* Release */ = {
			isa = XCBuildConfiguration;
			baseConfigurationReference = 132703E439226C8E042C46BD /* Pods-YoutubeLikeNetflixTests.release.xcconfig */;
			buildSettings = {
				ALWAYS_EMBED_SWIFT_STANDARD_LIBRARIES = YES;
				BUNDLE_LOADER = "$(TEST_HOST)";
				CODE_SIGN_STYLE = Automatic;
				DEVELOPMENT_TEAM = GU9D57Q492;
				INFOPLIST_FILE = YoutubeLikeNetflixTests/Info.plist;
				IPHONEOS_DEPLOYMENT_TARGET = 13.1;
				LD_RUNPATH_SEARCH_PATHS = (
					"$(inherited)",
					"@executable_path/Frameworks",
					"@loader_path/Frameworks",
				);
				PRODUCT_BUNDLE_IDENTIFIER = jp.tomoya.suzuki.YoutubeLikeNetflixTests;
				PRODUCT_NAME = "$(TARGET_NAME)";
				SWIFT_VERSION = 5.0;
				TARGETED_DEVICE_FAMILY = "1,2";
				TEST_HOST = "$(BUILT_PRODUCTS_DIR)/YoutubeLikeNetflix.app/YoutubeLikeNetflix";
			};
			name = Release;
		};
		57F996F02369D17B008AB6AA /* Debug */ = {
			isa = XCBuildConfiguration;
			baseConfigurationReference = 927702E39275A1366AC22929 /* Pods-YoutubeLikeNetflixUITests.debug.xcconfig */;
			buildSettings = {
				ALWAYS_EMBED_SWIFT_STANDARD_LIBRARIES = YES;
				CODE_SIGN_STYLE = Automatic;
				DEVELOPMENT_TEAM = GU9D57Q492;
				INFOPLIST_FILE = YoutubeLikeNetflixUITests/Info.plist;
				LD_RUNPATH_SEARCH_PATHS = (
					"$(inherited)",
					"@executable_path/Frameworks",
					"@loader_path/Frameworks",
				);
				PRODUCT_BUNDLE_IDENTIFIER = jp.tomoya.suzuki.YoutubeLikeNetflixUITests;
				PRODUCT_NAME = "$(TARGET_NAME)";
				SWIFT_VERSION = 5.0;
				TARGETED_DEVICE_FAMILY = "1,2";
				TEST_TARGET_NAME = YoutubeLikeNetflix;
			};
			name = Debug;
		};
		57F996F12369D17B008AB6AA /* Release */ = {
			isa = XCBuildConfiguration;
			baseConfigurationReference = D4B0B13E7B277AA8C7CDED02 /* Pods-YoutubeLikeNetflixUITests.release.xcconfig */;
			buildSettings = {
				ALWAYS_EMBED_SWIFT_STANDARD_LIBRARIES = YES;
				CODE_SIGN_STYLE = Automatic;
				DEVELOPMENT_TEAM = GU9D57Q492;
				INFOPLIST_FILE = YoutubeLikeNetflixUITests/Info.plist;
				LD_RUNPATH_SEARCH_PATHS = (
					"$(inherited)",
					"@executable_path/Frameworks",
					"@loader_path/Frameworks",
				);
				PRODUCT_BUNDLE_IDENTIFIER = jp.tomoya.suzuki.YoutubeLikeNetflixUITests;
				PRODUCT_NAME = "$(TARGET_NAME)";
				SWIFT_VERSION = 5.0;
				TARGETED_DEVICE_FAMILY = "1,2";
				TEST_TARGET_NAME = YoutubeLikeNetflix;
			};
			name = Release;
		};
/* End XCBuildConfiguration section */

/* Begin XCConfigurationList section */
		57F996BA2369D179008AB6AA /* Build configuration list for PBXProject "YoutubeLikeNetflix" */ = {
			isa = XCConfigurationList;
			buildConfigurations = (
				57F996E72369D17B008AB6AA /* Debug */,
				57F996E82369D17B008AB6AA /* Release */,
			);
			defaultConfigurationIsVisible = 0;
			defaultConfigurationName = Release;
		};
		57F996E92369D17B008AB6AA /* Build configuration list for PBXNativeTarget "YoutubeLikeNetflix" */ = {
			isa = XCConfigurationList;
			buildConfigurations = (
				57F996EA2369D17B008AB6AA /* Debug */,
				57F996EB2369D17B008AB6AA /* Release */,
			);
			defaultConfigurationIsVisible = 0;
			defaultConfigurationName = Release;
		};
		57F996EC2369D17B008AB6AA /* Build configuration list for PBXNativeTarget "YoutubeLikeNetflixTests" */ = {
			isa = XCConfigurationList;
			buildConfigurations = (
				57F996ED2369D17B008AB6AA /* Debug */,
				57F996EE2369D17B008AB6AA /* Release */,
			);
			defaultConfigurationIsVisible = 0;
			defaultConfigurationName = Release;
		};
		57F996EF2369D17B008AB6AA /* Build configuration list for PBXNativeTarget "YoutubeLikeNetflixUITests" */ = {
			isa = XCConfigurationList;
			buildConfigurations = (
				57F996F02369D17B008AB6AA /* Debug */,
				57F996F12369D17B008AB6AA /* Release */,
			);
			defaultConfigurationIsVisible = 0;
			defaultConfigurationName = Release;
		};
/* End XCConfigurationList section */
	};
	rootObject = 57F996B72369D179008AB6AA /* Project object */;
}
